{
  "version": 4,
  "terraform_version": "1.6.5",
  "serial": 8991,
  "lineage": "8648ab48-d7ea-8f0c-2043-e3040e75baee",
  "outputs": {
    "FGT1-Password": {
      "value": "i-03126718886140de3",
      "type": "string"
    },
    "FGT2-Password": {
      "value": "i-0502a4746652c85b6",
      "type": "string"
    },
    "FGT2PublicIP": {
      "value": "44.196.50.243",
      "type": "string"
    },
    "FGTPublicIP": {
      "value": "18.213.90.170",
      "type": "string"
    },
    "tgw_attachment_id_of_sec_vpc": {
      "value": "tgw-attach-0a41c6cb2a1733360",
      "type": "string"
    }
  },
  "resources": [
    {
      "mode": "data",
      "type": "aws_network_interface",
      "name": "fgt1eth1",
      "provider": "provider[\"registry.terraform.io/hashicorp/aws\"]",
      "instances": [
        {
          "schema_version": 0,
          "attributes": {
            "arn": "arn:aws:ec2:us-east-1:211125564317:network-interface/eni-086cd38fcb2046444",
            "association": [],
            "attachment": [],
            "availability_zone": "us-east-1a",
            "description": "fgtvm-port2",
            "filter": null,
            "id": "eni-086cd38fcb2046444",
            "interface_type": "interface",
            "ipv6_addresses": [],
            "mac_address": "0a:ff:cf:3d:ef:87",
            "outpost_arn": "",
            "owner_id": "211125564317",
            "private_dns_name": "ip-10-1-0-147.ec2.internal",
            "private_ip": "10.1.0.147",
            "private_ips": [
              "10.1.0.147"
            ],
            "requester_id": "AIDATCKAQOOO5J46URIQG",
            "security_groups": [
              "sg-0b41eca32b9acfda3"
            ],
            "subnet_id": "subnet-0a5f2c795d7b196bb",
            "tags": {},
            "timeouts": null,
            "vpc_id": "vpc-032b5217408dc6473"
          },
          "sensitive_attributes": []
        }
      ]
    },
    {
      "mode": "data",
      "type": "aws_network_interface",
      "name": "fgt2eth1",
      "provider": "provider[\"registry.terraform.io/hashicorp/aws\"]",
      "instances": [
        {
          "schema_version": 0,
          "attributes": {
            "arn": "arn:aws:ec2:us-east-1:211125564317:network-interface/eni-0a069df2412ff5166",
            "association": [],
            "attachment": [],
            "availability_zone": "us-east-1b",
            "description": "fgtvm2-port2",
            "filter": null,
            "id": "eni-0a069df2412ff5166",
            "interface_type": "interface",
            "ipv6_addresses": [],
            "mac_address": "0e:86:60:f8:57:9f",
            "outpost_arn": "",
            "owner_id": "211125564317",
            "private_dns_name": "ip-10-1-1-211.ec2.internal",
            "private_ip": "10.1.1.211",
            "private_ips": [
              "10.1.1.211"
            ],
            "requester_id": "AIDATCKAQOOO5J46URIQG",
            "security_groups": [
              "sg-0b41eca32b9acfda3"
            ],
            "subnet_id": "subnet-0aac207b120239374",
            "tags": {},
            "timeouts": null,
            "vpc_id": "vpc-032b5217408dc6473"
          },
          "sensitive_attributes": []
        }
      ]
    },
    {
      "mode": "data",
      "type": "aws_network_interface",
      "name": "vpcendpointip",
      "provider": "provider[\"registry.terraform.io/hashicorp/aws\"]",
      "instances": [
        {
          "schema_version": 0,
          "attributes": {
            "arn": "arn:aws:ec2:us-east-1:211125564317:network-interface/eni-09b66d27c808c9ee1",
            "association": [],
            "attachment": [
              {
                "attachment_id": "ela-attach-019df3771642b9b63",
                "device_index": 1,
                "instance_id": "",
                "instance_owner_id": "amazon-aws"
              }
            ],
            "availability_zone": "us-east-1a",
            "description": "ELB gwy/gwlb-Inspection-VPC/6c7b3eb3b52db7a0",
            "filter": [
              {
                "name": "availability-zone",
                "values": [
                  "us-east-1a"
                ]
              },
              {
                "name": "description",
                "values": [
                  "*ELB*"
                ]
              },
              {
                "name": "status",
                "values": [
                  "in-use"
                ]
              },
              {
                "name": "vpc-id",
                "values": [
                  "vpc-032b5217408dc6473"
                ]
              }
            ],
            "id": "eni-09b66d27c808c9ee1",
            "interface_type": "gateway_load_balancer",
            "ipv6_addresses": [],
            "mac_address": "0a:ff:c7:69:46:0f",
            "outpost_arn": "",
            "owner_id": "211125564317",
            "private_dns_name": "ip-10-1-0-95.ec2.internal",
            "private_ip": "10.1.0.95",
            "private_ips": [
              "10.1.0.95"
            ],
            "requester_id": "005270062302",
            "security_groups": [],
            "subnet_id": "subnet-0a5f2c795d7b196bb",
            "tags": {},
            "timeouts": null,
            "vpc_id": "vpc-032b5217408dc6473"
          },
          "sensitive_attributes": []
        }
      ]
    },
    {
      "mode": "data",
      "type": "aws_network_interface",
      "name": "vpcendpointipaz2",
      "provider": "provider[\"registry.terraform.io/hashicorp/aws\"]",
      "instances": [
        {
          "schema_version": 0,
          "attributes": {
            "arn": "arn:aws:ec2:us-east-1:211125564317:network-interface/eni-0a5bdd654d5575933",
            "association": [],
            "attachment": [
              {
                "attachment_id": "ela-attach-0ed677fe59904200c",
                "device_index": 1,
                "instance_id": "",
                "instance_owner_id": "amazon-aws"
              }
            ],
            "availability_zone": "us-east-1b",
            "description": "ELB gwy/gwlb-Inspection-VPC/6c7b3eb3b52db7a0",
            "filter": [
              {
                "name": "availability-zone",
                "values": [
                  "us-east-1b"
                ]
              },
              {
                "name": "description",
                "values": [
                  "*ELB*"
                ]
              },
              {
                "name": "status",
                "values": [
                  "in-use"
                ]
              },
              {
                "name": "vpc-id",
                "values": [
                  "vpc-032b5217408dc6473"
                ]
              }
            ],
            "id": "eni-0a5bdd654d5575933",
            "interface_type": "gateway_load_balancer",
            "ipv6_addresses": [],
            "mac_address": "0e:f3:74:21:50:d3",
            "outpost_arn": "",
            "owner_id": "211125564317",
            "private_dns_name": "ip-10-1-1-105.ec2.internal",
            "private_ip": "10.1.1.105",
            "private_ips": [
              "10.1.1.105"
            ],
            "requester_id": "273749504915",
            "security_groups": [],
            "subnet_id": "subnet-0aac207b120239374",
            "tags": {},
            "timeouts": null,
            "vpc_id": "vpc-032b5217408dc6473"
          },
          "sensitive_attributes": []
        }
      ]
    },
    {
      "mode": "managed",
      "type": "aws_ec2_transit_gateway",
      "name": "osi-tgw",
      "provider": "provider[\"registry.terraform.io/hashicorp/aws\"]",
      "instances": [
        {
          "schema_version": 0,
          "attributes": {
            "amazon_side_asn": 64512,
            "arn": "arn:aws:ec2:us-east-1:211125564317:transit-gateway/tgw-0c997b10c7cbea57d",
            "association_default_route_table_id": "",
            "auto_accept_shared_attachments": "disable",
            "default_route_table_association": "disable",
            "default_route_table_propagation": "disable",
            "description": "Transit Gateway",
            "dns_support": "enable",
            "id": "tgw-0c997b10c7cbea57d",
            "multicast_support": "disable",
            "owner_id": "211125564317",
            "propagation_default_route_table_id": "",
            "tags": {
              "Name": "Inspection-TGW"
            },
            "tags_all": {
              "Name": "Inspection-TGW"
            },
            "timeouts": null,
            "transit_gateway_cidr_blocks": null,
            "vpn_ecmp_support": "enable"
          },
          "sensitive_attributes": [],
          "private": "eyJlMmJmYjczMC1lY2FhLTExZTYtOGY4OC0zNDM2M2JjN2M0YzAiOnsiY3JlYXRlIjo2MDAwMDAwMDAwMDAsImRlbGV0ZSI6NjAwMDAwMDAwMDAwLCJ1cGRhdGUiOjYwMDAwMDAwMDAwMH19"
        }
      ]
    },
    {
      "mode": "managed",
      "type": "aws_ec2_transit_gateway_route",
      "name": "CustomerPrivate-VPC-route",
      "provider": "provider[\"registry.terraform.io/hashicorp/aws\"]",
      "instances": [
        {
          "schema_version": 0,
          "attributes": {
            "blackhole": false,
            "destination_cidr_block": "20.1.0.0/16",
            "id": "tgw-rtb-0bbb2be40b6ee97fc_20.1.0.0/16",
            "transit_gateway_attachment_id": "tgw-attach-0364c59d9970f9491",
            "transit_gateway_route_table_id": "tgw-rtb-0bbb2be40b6ee97fc"
          },
          "sensitive_attributes": [],
          "private": "bnVsbA==",
          "dependencies": [
            "aws_ec2_transit_gateway.osi-tgw",
            "aws_ec2_transit_gateway_route_table.tgw-inspection-rt",
            "aws_ec2_transit_gateway_vpc_attachment.tgw-att-vpc-vpc1",
            "aws_subnet.csprivatesubnetaz1",
            "aws_subnet.csprivatesubnetaz2",
            "aws_vpc.customer-vpc"
          ]
        }
      ]
    },
    {
      "mode": "managed",
      "type": "aws_ec2_transit_gateway_route",
      "name": "CustomerPublic-VPC-route",
      "provider": "provider[\"registry.terraform.io/hashicorp/aws\"]",
      "instances": [
        {
          "schema_version": 0,
          "attributes": {
            "blackhole": false,
            "destination_cidr_block": "20.2.0.0/16",
            "id": "tgw-rtb-0bbb2be40b6ee97fc_20.2.0.0/16",
            "transit_gateway_attachment_id": "tgw-attach-025faefcf308b7920",
            "transit_gateway_route_table_id": "tgw-rtb-0bbb2be40b6ee97fc"
          },
          "sensitive_attributes": [],
          "private": "bnVsbA==",
          "dependencies": [
            "aws_ec2_transit_gateway.osi-tgw",
            "aws_ec2_transit_gateway_route_table.tgw-inspection-rt",
            "aws_ec2_transit_gateway_vpc_attachment.tgw-att-vpc-vpc2",
            "aws_subnet.pv-privatesubnetaz1",
            "aws_subnet.pv-privatesubnetaz2",
            "aws_vpc.public-customer-vpc"
          ]
        }
      ]
    },
    {
      "mode": "managed",
      "type": "aws_ec2_transit_gateway_route",
      "name": "Inspection-VPC-route",
      "provider": "provider[\"registry.terraform.io/hashicorp/aws\"]",
      "instances": [
        {
          "schema_version": 0,
          "attributes": {
            "blackhole": false,
            "destination_cidr_block": "10.1.0.0/22",
            "id": "tgw-rtb-0bbb2be40b6ee97fc_10.1.0.0/22",
            "transit_gateway_attachment_id": "tgw-attach-0a41c6cb2a1733360",
            "transit_gateway_route_table_id": "tgw-rtb-0bbb2be40b6ee97fc"
          },
          "sensitive_attributes": [],
          "private": "bnVsbA==",
          "dependencies": [
            "aws_ec2_transit_gateway.osi-tgw",
            "aws_ec2_transit_gateway_route_table.tgw-inspection-rt",
            "aws_ec2_transit_gateway_vpc_attachment.tgw-att-vpc-ins_vpc",
            "aws_subnet.tgw_subnet",
            "aws_vpc.ins_vpc"
          ]
        }
      ]
    },
    {
      "mode": "managed",
      "type": "aws_ec2_transit_gateway_route",
      "name": "customer-default-route",
      "provider": "provider[\"registry.terraform.io/hashicorp/aws\"]",
      "instances": [
        {
          "schema_version": 0,
          "attributes": {
            "blackhole": false,
            "destination_cidr_block": "0.0.0.0/0",
            "id": "tgw-rtb-06cb30ac1cc07856e_0.0.0.0/0",
            "transit_gateway_attachment_id": "tgw-attach-0a41c6cb2a1733360",
            "transit_gateway_route_table_id": "tgw-rtb-06cb30ac1cc07856e"
          },
          "sensitive_attributes": [],
          "private": "bnVsbA==",
          "dependencies": [
            "aws_ec2_transit_gateway.osi-tgw",
            "aws_ec2_transit_gateway_route_table.tgwy-vpc-route",
            "aws_ec2_transit_gateway_vpc_attachment.tgw-att-vpc-ins_vpc",
            "aws_subnet.tgw_subnet",
            "aws_vpc.ins_vpc"
          ]
        }
      ]
    },
    {
      "mode": "managed",
      "type": "aws_ec2_transit_gateway_route",
      "name": "customerpublic-default-route",
      "provider": "provider[\"registry.terraform.io/hashicorp/aws\"]",
      "instances": [
        {
          "schema_version": 0,
          "attributes": {
            "blackhole": false,
            "destination_cidr_block": "0.0.0.0/0",
            "id": "tgw-rtb-0719950bfe77b7f96_0.0.0.0/0",
            "transit_gateway_attachment_id": "tgw-attach-0a41c6cb2a1733360",
            "transit_gateway_route_table_id": "tgw-rtb-0719950bfe77b7f96"
          },
          "sensitive_attributes": [],
          "private": "bnVsbA==",
          "dependencies": [
            "aws_ec2_transit_gateway.osi-tgw",
            "aws_ec2_transit_gateway_route_table.tgwy-vpc2-route",
            "aws_ec2_transit_gateway_vpc_attachment.tgw-att-vpc-ins_vpc",
            "aws_subnet.tgw_subnet",
            "aws_vpc.ins_vpc"
          ]
        }
      ]
    },
    {
      "mode": "managed",
      "type": "aws_ec2_transit_gateway_route_table",
      "name": "tgw-inspection-rt",
      "provider": "provider[\"registry.terraform.io/hashicorp/aws\"]",
      "instances": [
        {
          "schema_version": 0,
          "attributes": {
            "arn": "arn:aws:ec2:us-east-1:211125564317:transit-gateway-route-table/tgw-rtb-0bbb2be40b6ee97fc",
            "default_association_route_table": false,
            "default_propagation_route_table": false,
            "id": "tgw-rtb-0bbb2be40b6ee97fc",
            "tags": {
              "Name": "TGW-Inspection-Att-RT"
            },
            "tags_all": {
              "Name": "TGW-Inspection-Att-RT"
            },
            "transit_gateway_id": "tgw-0c997b10c7cbea57d"
          },
          "sensitive_attributes": [],
          "private": "bnVsbA==",
          "dependencies": [
            "aws_ec2_transit_gateway.osi-tgw"
          ]
        }
      ]
    },
    {
      "mode": "managed",
      "type": "aws_ec2_transit_gateway_route_table",
      "name": "tgwy-vpc-route",
      "provider": "provider[\"registry.terraform.io/hashicorp/aws\"]",
      "instances": [
        {
          "schema_version": 0,
          "attributes": {
            "arn": "arn:aws:ec2:us-east-1:211125564317:transit-gateway-route-table/tgw-rtb-06cb30ac1cc07856e",
            "default_association_route_table": false,
            "default_propagation_route_table": false,
            "id": "tgw-rtb-06cb30ac1cc07856e",
            "tags": {
              "Name": "TGW-Shared-Service-Att-RT"
            },
            "tags_all": {
              "Name": "TGW-Shared-Service-Att-RT"
            },
            "transit_gateway_id": "tgw-0c997b10c7cbea57d"
          },
          "sensitive_attributes": [],
          "private": "bnVsbA==",
          "dependencies": [
            "aws_ec2_transit_gateway.osi-tgw"
          ]
        }
      ]
    },
    {
      "mode": "managed",
      "type": "aws_ec2_transit_gateway_route_table",
      "name": "tgwy-vpc2-route",
      "provider": "provider[\"registry.terraform.io/hashicorp/aws\"]",
      "instances": [
        {
          "schema_version": 0,
          "attributes": {
            "arn": "arn:aws:ec2:us-east-1:211125564317:transit-gateway-route-table/tgw-rtb-0719950bfe77b7f96",
            "default_association_route_table": false,
            "default_propagation_route_table": false,
            "id": "tgw-rtb-0719950bfe77b7f96",
            "tags": {
              "Name": "TGW-Workload-VPC-Att-RT"
            },
            "tags_all": {
              "Name": "TGW-Workload-VPC-Att-RT"
            },
            "transit_gateway_id": "tgw-0c997b10c7cbea57d"
          },
          "sensitive_attributes": [],
          "private": "bnVsbA==",
          "dependencies": [
            "aws_ec2_transit_gateway.osi-tgw"
          ]
        }
      ]
    },
    {
      "mode": "managed",
      "type": "aws_ec2_transit_gateway_route_table_association",
      "name": "tgw-rt-vpc-customer-assoc",
      "provider": "provider[\"registry.terraform.io/hashicorp/aws\"]",
      "instances": [
        {
          "schema_version": 0,
          "attributes": {
            "id": "tgw-rtb-06cb30ac1cc07856e_tgw-attach-0364c59d9970f9491",
            "replace_existing_association": false,
            "resource_id": "vpc-050a981762cbabc6f",
            "resource_type": "vpc",
            "transit_gateway_attachment_id": "tgw-attach-0364c59d9970f9491",
            "transit_gateway_route_table_id": "tgw-rtb-06cb30ac1cc07856e"
          },
          "sensitive_attributes": [],
          "private": "bnVsbA==",
          "dependencies": [
            "aws_ec2_transit_gateway.osi-tgw",
            "aws_ec2_transit_gateway_route_table.tgwy-vpc-route",
            "aws_ec2_transit_gateway_vpc_attachment.tgw-att-vpc-vpc1",
            "aws_subnet.csprivatesubnetaz1",
            "aws_subnet.csprivatesubnetaz2",
            "aws_vpc.customer-vpc"
          ]
        }
      ]
    },
    {
      "mode": "managed",
      "type": "aws_ec2_transit_gateway_route_table_association",
      "name": "tgw-rt-vpc-customerpublic-assoc",
      "provider": "provider[\"registry.terraform.io/hashicorp/aws\"]",
      "instances": [
        {
          "schema_version": 0,
          "attributes": {
            "id": "tgw-rtb-0719950bfe77b7f96_tgw-attach-025faefcf308b7920",
            "replace_existing_association": false,
            "resource_id": "vpc-02f4245242fcf3b67",
            "resource_type": "vpc",
            "transit_gateway_attachment_id": "tgw-attach-025faefcf308b7920",
            "transit_gateway_route_table_id": "tgw-rtb-0719950bfe77b7f96"
          },
          "sensitive_attributes": [],
          "private": "bnVsbA==",
          "dependencies": [
            "aws_ec2_transit_gateway.osi-tgw",
            "aws_ec2_transit_gateway_route_table.tgwy-vpc2-route",
            "aws_ec2_transit_gateway_vpc_attachment.tgw-att-vpc-vpc2",
            "aws_subnet.pv-privatesubnetaz1",
            "aws_subnet.pv-privatesubnetaz2",
            "aws_vpc.public-customer-vpc"
          ]
        }
      ]
    },
    {
      "mode": "managed",
      "type": "aws_ec2_transit_gateway_route_table_association",
      "name": "tgw-rt-vpc-ins-assoc",
      "provider": "provider[\"registry.terraform.io/hashicorp/aws\"]",
      "instances": [
        {
          "schema_version": 0,
          "attributes": {
            "id": "tgw-rtb-0bbb2be40b6ee97fc_tgw-attach-0a41c6cb2a1733360",
            "replace_existing_association": false,
            "resource_id": "vpc-032b5217408dc6473",
            "resource_type": "vpc",
            "transit_gateway_attachment_id": "tgw-attach-0a41c6cb2a1733360",
            "transit_gateway_route_table_id": "tgw-rtb-0bbb2be40b6ee97fc"
          },
          "sensitive_attributes": [],
          "private": "bnVsbA==",
          "dependencies": [
            "aws_ec2_transit_gateway.osi-tgw",
            "aws_ec2_transit_gateway_route_table.tgw-inspection-rt",
            "aws_ec2_transit_gateway_vpc_attachment.tgw-att-vpc-ins_vpc",
            "aws_subnet.tgw_subnet",
            "aws_vpc.ins_vpc"
          ]
        }
      ]
    },
    {
      "mode": "managed",
      "type": "aws_ec2_transit_gateway_vpc_attachment",
      "name": "tgw-att-vpc-ins_vpc",
      "provider": "provider[\"registry.terraform.io/hashicorp/aws\"]",
      "instances": [
        {
          "schema_version": 0,
          "attributes": {
            "appliance_mode_support": "enable",
            "dns_support": "enable",
            "id": "tgw-attach-0a41c6cb2a1733360",
            "ipv6_support": "disable",
            "subnet_ids": [
              "subnet-03bd76df2cd1845bc",
              "subnet-079277b8cf80180d7"
            ],
            "tags": {
              "Name": "TGWY-Inspection-VPC-attachment"
            },
            "tags_all": {
              "Name": "TGWY-Inspection-VPC-attachment"
            },
            "transit_gateway_default_route_table_association": false,
            "transit_gateway_default_route_table_propagation": false,
            "transit_gateway_id": "tgw-0c997b10c7cbea57d",
            "vpc_id": "vpc-032b5217408dc6473",
            "vpc_owner_id": "211125564317"
          },
          "sensitive_attributes": [],
          "private": "bnVsbA==",
          "dependencies": [
            "aws_ec2_transit_gateway.osi-tgw",
            "aws_subnet.tgw_subnet",
            "aws_vpc.ins_vpc"
          ]
        }
      ]
    },
    {
      "mode": "managed",
      "type": "aws_ec2_transit_gateway_vpc_attachment",
      "name": "tgw-att-vpc-vpc1",
      "provider": "provider[\"registry.terraform.io/hashicorp/aws\"]",
      "instances": [
        {
          "schema_version": 0,
          "attributes": {
            "appliance_mode_support": "disable",
            "dns_support": "enable",
            "id": "tgw-attach-0364c59d9970f9491",
            "ipv6_support": "disable",
            "subnet_ids": [
              "subnet-0b403fa6fe9b05942",
              "subnet-0e4bb20cd78d0764b"
            ],
            "tags": {
              "Name": "TGWY-Shared-Service-VPC-Attachment"
            },
            "tags_all": {
              "Name": "TGWY-Shared-Service-VPC-Attachment"
            },
            "transit_gateway_default_route_table_association": false,
            "transit_gateway_default_route_table_propagation": false,
            "transit_gateway_id": "tgw-0c997b10c7cbea57d",
            "vpc_id": "vpc-050a981762cbabc6f",
            "vpc_owner_id": "211125564317"
          },
          "sensitive_attributes": [],
          "private": "bnVsbA==",
          "dependencies": [
            "aws_ec2_transit_gateway.osi-tgw",
            "aws_subnet.csprivatesubnetaz1",
            "aws_subnet.csprivatesubnetaz2",
            "aws_vpc.customer-vpc"
          ]
        }
      ]
    },
    {
      "mode": "managed",
      "type": "aws_ec2_transit_gateway_vpc_attachment",
      "name": "tgw-att-vpc-vpc2",
      "provider": "provider[\"registry.terraform.io/hashicorp/aws\"]",
      "instances": [
        {
          "schema_version": 0,
          "attributes": {
            "appliance_mode_support": "disable",
            "dns_support": "enable",
            "id": "tgw-attach-025faefcf308b7920",
            "ipv6_support": "disable",
            "subnet_ids": [
              "subnet-0b9b44c49b4658c87",
              "subnet-0cb555e1cbae23bd3"
            ],
            "tags": {
              "Name": "TGWY-Workload-VPC-Attachment"
            },
            "tags_all": {
              "Name": "TGWY-Workload-VPC-Attachment"
            },
            "transit_gateway_default_route_table_association": false,
            "transit_gateway_default_route_table_propagation": false,
            "transit_gateway_id": "tgw-0c997b10c7cbea57d",
            "vpc_id": "vpc-02f4245242fcf3b67",
            "vpc_owner_id": "211125564317"
          },
          "sensitive_attributes": [],
          "private": "bnVsbA==",
          "dependencies": [
            "aws_ec2_transit_gateway.osi-tgw",
            "aws_subnet.pv-privatesubnetaz1",
            "aws_subnet.pv-privatesubnetaz2",
            "aws_vpc.public-customer-vpc"
          ]
        }
      ]
    },
    {
      "mode": "managed",
      "type": "aws_eip",
      "name": "FGT2PublicIP",
      "provider": "provider[\"registry.terraform.io/hashicorp/aws\"]",
      "instances": [
        {
          "schema_version": 0,
          "attributes": {
            "address": null,
            "allocation_id": "eipalloc-0b44ec7039a11c036",
            "associate_with_private_ip": null,
            "association_id": "eipassoc-023eebef2edc940c2",
            "carrier_ip": "",
            "customer_owned_ip": "",
            "customer_owned_ipv4_pool": "",
            "domain": "vpc",
            "id": "eipalloc-0b44ec7039a11c036",
            "instance": "i-0502a4746652c85b6",
            "network_border_group": "us-east-1",
            "network_interface": "eni-09ae2acc9289516a9",
            "private_dns": "ip-10-1-3-19.ec2.internal",
            "private_ip": "10.1.3.19",
            "public_dns": "ec2-44-196-50-243.compute-1.amazonaws.com",
            "public_ip": "44.196.50.243",
            "public_ipv4_pool": "amazon",
            "tags": null,
            "tags_all": {},
            "timeouts": null,
            "vpc": true
          },
          "sensitive_attributes": [],
          "private": "eyJlMmJmYjczMC1lY2FhLTExZTYtOGY4OC0zNDM2M2JjN2M0YzAiOnsiZGVsZXRlIjoxODAwMDAwMDAwMDAsInJlYWQiOjkwMDAwMDAwMDAwMCwidXBkYXRlIjozMDAwMDAwMDAwMDB9fQ==",
          "dependencies": [
            "aws_instance.fgtvm2",
            "aws_lb.gwlb",
            "aws_network_interface.fgt2eth0",
            "aws_network_interface.fgt2eth1",
            "aws_subnet.fw_data_subnet",
            "aws_subnet.fw_mgmt_subnet",
            "aws_subnet.gwlbe_subnet",
            "aws_vpc.ins_vpc",
            "aws_vpc_endpoint.gwlbe",
            "aws_vpc_endpoint_service.gwlb_es",
            "data.aws_network_interface.vpcendpointip",
            "data.aws_network_interface.vpcendpointipaz2"
          ]
        }
      ]
    },
    {
      "mode": "managed",
      "type": "aws_eip",
      "name": "FGTPublicIP",
      "provider": "provider[\"registry.terraform.io/hashicorp/aws\"]",
      "instances": [
        {
          "schema_version": 0,
          "attributes": {
            "address": null,
            "allocation_id": "eipalloc-023e7181b2904fb7c",
            "associate_with_private_ip": null,
            "association_id": "eipassoc-0efe7e9634091816b",
            "carrier_ip": "",
            "customer_owned_ip": "",
            "customer_owned_ipv4_pool": "",
            "domain": "vpc",
            "id": "eipalloc-023e7181b2904fb7c",
            "instance": "i-03126718886140de3",
            "network_border_group": "us-east-1",
            "network_interface": "eni-02b0488489b0fd404",
            "private_dns": "ip-10-1-2-22.ec2.internal",
            "private_ip": "10.1.2.22",
            "public_dns": "ec2-18-213-90-170.compute-1.amazonaws.com",
            "public_ip": "18.213.90.170",
            "public_ipv4_pool": "amazon",
            "tags": null,
            "tags_all": {},
            "timeouts": null,
            "vpc": true
          },
          "sensitive_attributes": [],
          "private": "eyJlMmJmYjczMC1lY2FhLTExZTYtOGY4OC0zNDM2M2JjN2M0YzAiOnsiZGVsZXRlIjoxODAwMDAwMDAwMDAsInJlYWQiOjkwMDAwMDAwMDAwMCwidXBkYXRlIjozMDAwMDAwMDAwMDB9fQ==",
          "dependencies": [
            "aws_instance.fgtvm",
            "aws_lb.gwlb",
            "aws_network_interface.eth0",
            "aws_network_interface.fgt1eth1",
            "aws_subnet.fw_data_subnet",
            "aws_subnet.fw_mgmt_subnet",
            "aws_subnet.gwlbe_subnet",
            "aws_vpc.ins_vpc",
            "aws_vpc_endpoint.gwlbe",
            "aws_vpc_endpoint_service.gwlb_es",
            "data.aws_network_interface.vpcendpointip",
            "data.aws_network_interface.vpcendpointipaz2"
          ]
        }
      ]
    },
    {
      "mode": "managed",
      "type": "aws_eip",
      "name": "public_ip",
      "provider": "provider[\"registry.terraform.io/hashicorp/aws\"]",
      "instances": [
        {
          "index_key": 0,
          "schema_version": 0,
          "attributes": {
            "address": null,
            "allocation_id": "eipalloc-04347bf81463cf121",
            "associate_with_private_ip": null,
            "association_id": "",
            "carrier_ip": "",
            "customer_owned_ip": "",
            "customer_owned_ipv4_pool": "",
            "domain": "vpc",
            "id": "eipalloc-04347bf81463cf121",
            "instance": "",
            "network_border_group": "us-east-1",
            "network_interface": "",
            "private_dns": null,
            "private_ip": "",
            "public_dns": "ec2-3-208-140-216.compute-1.amazonaws.com",
            "public_ip": "3.208.140.216",
            "public_ipv4_pool": "amazon",
            "tags": {
              "Name": "Inspection-VPC-NAT-GW-ip-us-east-1a"
            },
            "tags_all": {
              "Name": "Inspection-VPC-NAT-GW-ip-us-east-1a"
            },
            "timeouts": null,
            "vpc": true
          },
          "sensitive_attributes": [],
          "private": "eyJlMmJmYjczMC1lY2FhLTExZTYtOGY4OC0zNDM2M2JjN2M0YzAiOnsiZGVsZXRlIjoxODAwMDAwMDAwMDAsInJlYWQiOjkwMDAwMDAwMDAwMCwidXBkYXRlIjozMDAwMDAwMDAwMDB9fQ==",
          "create_before_destroy": true
        },
        {
          "index_key": 1,
          "schema_version": 0,
          "attributes": {
            "address": null,
            "allocation_id": "eipalloc-09cfd7a88243115e8",
            "associate_with_private_ip": null,
            "association_id": "",
            "carrier_ip": "",
            "customer_owned_ip": "",
            "customer_owned_ipv4_pool": "",
            "domain": "vpc",
            "id": "eipalloc-09cfd7a88243115e8",
            "instance": "",
            "network_border_group": "us-east-1",
            "network_interface": "",
            "private_dns": null,
            "private_ip": "",
            "public_dns": "ec2-3-221-249-119.compute-1.amazonaws.com",
            "public_ip": "3.221.249.119",
            "public_ipv4_pool": "amazon",
            "tags": {
              "Name": "Inspection-VPC-NAT-GW-ip-us-east-1b"
            },
            "tags_all": {
              "Name": "Inspection-VPC-NAT-GW-ip-us-east-1b"
            },
            "timeouts": null,
            "vpc": true
          },
          "sensitive_attributes": [],
          "private": "eyJlMmJmYjczMC1lY2FhLTExZTYtOGY4OC0zNDM2M2JjN2M0YzAiOnsiZGVsZXRlIjoxODAwMDAwMDAwMDAsInJlYWQiOjkwMDAwMDAwMDAwMCwidXBkYXRlIjozMDAwMDAwMDAwMDB9fQ==",
          "create_before_destroy": true
        }
      ]
    },
    {
      "mode": "managed",
      "type": "aws_instance",
      "name": "fgtvm",
      "provider": "provider[\"registry.terraform.io/hashicorp/aws\"]",
      "instances": [
        {
          "schema_version": 1,
          "attributes": {
            "ami": "ami-087ea152084f7cd92",
            "arn": "arn:aws:ec2:us-east-1:211125564317:instance/i-03126718886140de3",
            "associate_public_ip_address": false,
            "availability_zone": "us-east-1a",
            "capacity_reservation_specification": [
              {
                "capacity_reservation_preference": "open",
                "capacity_reservation_target": []
              }
            ],
            "cpu_core_count": 2,
            "cpu_options": [
              {
                "amd_sev_snp": "",
                "core_count": 2,
                "threads_per_core": 2
              }
            ],
            "cpu_threads_per_core": 2,
            "credit_specification": [],
            "disable_api_stop": false,
            "disable_api_termination": false,
            "ebs_block_device": [
              {
                "delete_on_termination": true,
                "device_name": "/dev/sdb",
                "encrypted": false,
                "iops": 0,
                "kms_key_id": "",
                "snapshot_id": "",
                "tags": {},
                "throughput": 0,
                "volume_id": "vol-002722ccfb1bac9a6",
                "volume_size": 30,
                "volume_type": "standard"
              }
            ],
            "ebs_optimized": false,
            "enclave_options": [
              {
                "enabled": false
              }
            ],
            "ephemeral_block_device": [],
            "get_password_data": false,
            "hibernation": false,
            "host_id": "",
            "host_resource_group_arn": null,
            "iam_instance_profile": "",
            "id": "i-03126718886140de3",
            "instance_initiated_shutdown_behavior": "stop",
            "instance_lifecycle": "",
            "instance_market_options": [],
            "instance_state": "running",
            "instance_type": "c6i.xlarge",
            "ipv6_address_count": 0,
            "ipv6_addresses": [],
            "key_name": "Test",
            "launch_template": [],
            "maintenance_options": [
              {
                "auto_recovery": "default"
              }
            ],
            "metadata_options": [
              {
                "http_endpoint": "enabled",
                "http_protocol_ipv6": "disabled",
                "http_put_response_hop_limit": 1,
                "http_tokens": "optional",
                "instance_metadata_tags": "disabled"
              }
            ],
            "monitoring": false,
            "network_interface": [
              {
                "delete_on_termination": false,
                "device_index": 0,
                "network_card_index": 0,
                "network_interface_id": "eni-02b0488489b0fd404"
              },
              {
                "delete_on_termination": false,
                "device_index": 1,
                "network_card_index": 0,
                "network_interface_id": "eni-086cd38fcb2046444"
              }
            ],
            "outpost_arn": "",
            "password_data": "",
            "placement_group": "",
            "placement_partition_number": 0,
            "primary_network_interface_id": "eni-02b0488489b0fd404",
            "private_dns": "ip-10-1-2-22.ec2.internal",
            "private_dns_name_options": [
              {
                "enable_resource_name_dns_a_record": false,
                "enable_resource_name_dns_aaaa_record": false,
                "hostname_type": "ip-name"
              }
            ],
            "private_ip": "10.1.2.22",
            "public_dns": "",
            "public_ip": "",
            "root_block_device": [
              {
                "delete_on_termination": true,
                "device_name": "/dev/sda1",
                "encrypted": false,
                "iops": 0,
                "kms_key_id": "",
                "tags": null,
                "throughput": 0,
                "volume_id": "vol-0c130a37b8036d2d2",
                "volume_size": 2,
                "volume_type": "standard"
              }
            ],
            "secondary_private_ips": [],
            "security_groups": [],
            "source_dest_check": true,
            "spot_instance_request_id": "",
            "subnet_id": "subnet-08e58a094d62f8dc0",
            "tags": {
              "Name": "FortiGateVM1"
            },
            "tags_all": {
              "Name": "FortiGateVM1"
            },
            "tenancy": "default",
            "timeouts": null,
            "user_data": "fb19dd11962bc676f7bae84aa8ab84571ef9ec98",
            "user_data_base64": null,
            "user_data_replace_on_change": false,
            "volume_tags": null,
            "vpc_security_group_ids": [
              "sg-0b41eca32b9acfda3",
              "sg-0f6ca3045c9e357b3"
            ]
          },
          "sensitive_attributes": [],
          "private": "eyJlMmJmYjczMC1lY2FhLTExZTYtOGY4OC0zNDM2M2JjN2M0YzAiOnsiY3JlYXRlIjo2MDAwMDAwMDAwMDAsImRlbGV0ZSI6MTIwMDAwMDAwMDAwMCwidXBkYXRlIjo2MDAwMDAwMDAwMDB9LCJzY2hlbWFfdmVyc2lvbiI6IjEifQ==",
          "dependencies": [
            "aws_lb.gwlb",
            "aws_network_interface.eth0",
            "aws_network_interface.fgt1eth1",
            "aws_subnet.fw_data_subnet",
            "aws_subnet.fw_mgmt_subnet",
            "aws_subnet.gwlbe_subnet",
            "aws_vpc.ins_vpc",
            "aws_vpc_endpoint.gwlbe",
            "aws_vpc_endpoint_service.gwlb_es",
            "data.aws_network_interface.vpcendpointip",
            "data.aws_network_interface.vpcendpointipaz2"
          ]
        }
      ]
    },
    {
      "mode": "managed",
      "type": "aws_instance",
      "name": "fgtvm2",
      "provider": "provider[\"registry.terraform.io/hashicorp/aws\"]",
      "instances": [
        {
          "schema_version": 1,
          "attributes": {
            "ami": "ami-087ea152084f7cd92",
            "arn": "arn:aws:ec2:us-east-1:211125564317:instance/i-0502a4746652c85b6",
            "associate_public_ip_address": false,
            "availability_zone": "us-east-1b",
            "capacity_reservation_specification": [
              {
                "capacity_reservation_preference": "open",
                "capacity_reservation_target": []
              }
            ],
            "cpu_core_count": 2,
            "cpu_options": [
              {
                "amd_sev_snp": "",
                "core_count": 2,
                "threads_per_core": 2
              }
            ],
            "cpu_threads_per_core": 2,
            "credit_specification": [],
            "disable_api_stop": false,
            "disable_api_termination": false,
            "ebs_block_device": [
              {
                "delete_on_termination": true,
                "device_name": "/dev/sdb",
                "encrypted": false,
                "iops": 0,
                "kms_key_id": "",
                "snapshot_id": "",
                "tags": {},
                "throughput": 0,
                "volume_id": "vol-0f5698d72480f6080",
                "volume_size": 30,
                "volume_type": "standard"
              }
            ],
            "ebs_optimized": false,
            "enclave_options": [
              {
                "enabled": false
              }
            ],
            "ephemeral_block_device": [],
            "get_password_data": false,
            "hibernation": false,
            "host_id": "",
            "host_resource_group_arn": null,
            "iam_instance_profile": "",
            "id": "i-0502a4746652c85b6",
            "instance_initiated_shutdown_behavior": "stop",
            "instance_lifecycle": "",
            "instance_market_options": [],
            "instance_state": "running",
            "instance_type": "c6i.xlarge",
            "ipv6_address_count": 0,
            "ipv6_addresses": [],
            "key_name": "Test",
            "launch_template": [],
            "maintenance_options": [
              {
                "auto_recovery": "default"
              }
            ],
            "metadata_options": [
              {
                "http_endpoint": "enabled",
                "http_protocol_ipv6": "disabled",
                "http_put_response_hop_limit": 1,
                "http_tokens": "optional",
                "instance_metadata_tags": "disabled"
              }
            ],
            "monitoring": false,
            "network_interface": [
              {
                "delete_on_termination": false,
                "device_index": 0,
                "network_card_index": 0,
                "network_interface_id": "eni-09ae2acc9289516a9"
              },
              {
                "delete_on_termination": false,
                "device_index": 1,
                "network_card_index": 0,
                "network_interface_id": "eni-0a069df2412ff5166"
              }
            ],
            "outpost_arn": "",
            "password_data": "",
            "placement_group": "",
            "placement_partition_number": 0,
            "primary_network_interface_id": "eni-09ae2acc9289516a9",
            "private_dns": "ip-10-1-3-19.ec2.internal",
            "private_dns_name_options": [
              {
                "enable_resource_name_dns_a_record": false,
                "enable_resource_name_dns_aaaa_record": false,
                "hostname_type": "ip-name"
              }
            ],
            "private_ip": "10.1.3.19",
            "public_dns": "",
            "public_ip": "",
            "root_block_device": [
              {
                "delete_on_termination": true,
                "device_name": "/dev/sda1",
                "encrypted": false,
                "iops": 0,
                "kms_key_id": "",
                "tags": null,
                "throughput": 0,
                "volume_id": "vol-0cc2770f8840583d8",
                "volume_size": 2,
                "volume_type": "standard"
              }
            ],
            "secondary_private_ips": [],
            "security_groups": [],
            "source_dest_check": true,
            "spot_instance_request_id": "",
            "subnet_id": "subnet-0458a2024e33cf5d7",
            "tags": {
              "Name": "FortiGateVM2"
            },
            "tags_all": {
              "Name": "FortiGateVM2"
            },
            "tenancy": "default",
            "timeouts": null,
            "user_data": "fd357230c82a497322369df763daca95fa1f9904",
            "user_data_base64": null,
            "user_data_replace_on_change": false,
            "volume_tags": null,
            "vpc_security_group_ids": [
              "sg-0b41eca32b9acfda3",
              "sg-0f6ca3045c9e357b3"
            ]
          },
          "sensitive_attributes": [],
          "private": "eyJlMmJmYjczMC1lY2FhLTExZTYtOGY4OC0zNDM2M2JjN2M0YzAiOnsiY3JlYXRlIjo2MDAwMDAwMDAwMDAsImRlbGV0ZSI6MTIwMDAwMDAwMDAwMCwidXBkYXRlIjo2MDAwMDAwMDAwMDB9LCJzY2hlbWFfdmVyc2lvbiI6IjEifQ==",
          "dependencies": [
            "aws_lb.gwlb",
            "aws_network_interface.fgt2eth0",
            "aws_network_interface.fgt2eth1",
            "aws_subnet.fw_data_subnet",
            "aws_subnet.fw_mgmt_subnet",
            "aws_subnet.gwlbe_subnet",
            "aws_vpc.ins_vpc",
            "aws_vpc_endpoint.gwlbe",
            "aws_vpc_endpoint_service.gwlb_es",
            "data.aws_network_interface.vpcendpointip",
            "data.aws_network_interface.vpcendpointipaz2"
          ]
        }
      ]
    },
    {
      "mode": "managed",
      "type": "aws_internet_gateway",
      "name": "igw",
      "provider": "provider[\"registry.terraform.io/hashicorp/aws\"]",
      "instances": [
        {
          "schema_version": 0,
          "attributes": {
            "arn": "arn:aws:ec2:us-east-1:211125564317:internet-gateway/igw-0b2e491b2ba8861f3",
            "id": "igw-0b2e491b2ba8861f3",
            "owner_id": "211125564317",
            "tags": {
              "Name": "Inspection-VPC-IGW"
            },
            "tags_all": {
              "Name": "Inspection-VPC-IGW"
            },
            "timeouts": null,
            "vpc_id": "vpc-032b5217408dc6473"
          },
          "sensitive_attributes": [],
          "private": "eyJlMmJmYjczMC1lY2FhLTExZTYtOGY4OC0zNDM2M2JjN2M0YzAiOnsiY3JlYXRlIjoxMjAwMDAwMDAwMDAwLCJkZWxldGUiOjEyMDAwMDAwMDAwMDAsInVwZGF0ZSI6MTIwMDAwMDAwMDAwMH19",
          "dependencies": [
            "aws_vpc.ins_vpc"
          ]
        }
      ]
    },
    {
      "mode": "managed",
      "type": "aws_internet_gateway",
      "name": "pvigw",
      "provider": "provider[\"registry.terraform.io/hashicorp/aws\"]",
      "instances": [
        {
          "schema_version": 0,
          "attributes": {
            "arn": "arn:aws:ec2:us-east-1:211125564317:internet-gateway/igw-094be6cab9163ef78",
            "id": "igw-094be6cab9163ef78",
            "owner_id": "211125564317",
            "tags": {
              "Name": "Workload-igw"
            },
            "tags_all": {
              "Name": "Workload-igw"
            },
            "timeouts": null,
            "vpc_id": "vpc-02f4245242fcf3b67"
          },
          "sensitive_attributes": [],
          "private": "eyJlMmJmYjczMC1lY2FhLTExZTYtOGY4OC0zNDM2M2JjN2M0YzAiOnsiY3JlYXRlIjoxMjAwMDAwMDAwMDAwLCJkZWxldGUiOjEyMDAwMDAwMDAwMDAsInVwZGF0ZSI6MTIwMDAwMDAwMDAwMH19",
          "dependencies": [
            "aws_vpc.public-customer-vpc"
          ]
        }
      ]
    },
    {
      "mode": "managed",
      "type": "aws_lb",
      "name": "gwlb",
      "provider": "provider[\"registry.terraform.io/hashicorp/aws\"]",
      "instances": [
        {
          "schema_version": 0,
          "attributes": {
            "access_logs": [
              {
                "bucket": "",
                "enabled": false,
                "prefix": ""
              }
            ],
            "arn": "arn:aws:elasticloadbalancing:us-east-1:211125564317:loadbalancer/gwy/gwlb-Inspection-VPC/6c7b3eb3b52db7a0",
            "arn_suffix": "gwy/gwlb-Inspection-VPC/6c7b3eb3b52db7a0",
            "customer_owned_ipv4_pool": "",
            "desync_mitigation_mode": null,
            "dns_name": "",
            "dns_record_client_routing_policy": null,
            "drop_invalid_header_fields": false,
            "enable_cross_zone_load_balancing": true,
            "enable_deletion_protection": false,
            "enable_http2": true,
            "enable_tls_version_and_cipher_suite_headers": null,
            "enable_waf_fail_open": false,
            "enable_xff_client_port": null,
            "id": "arn:aws:elasticloadbalancing:us-east-1:211125564317:loadbalancer/gwy/gwlb-Inspection-VPC/6c7b3eb3b52db7a0",
            "idle_timeout": 60,
            "internal": false,
            "ip_address_type": "ipv4",
            "load_balancer_type": "gateway",
            "name": "gwlb-Inspection-VPC",
            "name_prefix": "",
            "preserve_host_header": null,
            "security_groups": [],
            "subnet_mapping": [
              {
                "allocation_id": "",
                "ipv6_address": "",
                "outpost_id": "",
                "private_ipv4_address": "",
                "subnet_id": "subnet-0a5f2c795d7b196bb"
              },
              {
                "allocation_id": "",
                "ipv6_address": "",
                "outpost_id": "",
                "private_ipv4_address": "",
                "subnet_id": "subnet-0aac207b120239374"
              }
            ],
            "subnets": [
              "subnet-0a5f2c795d7b196bb",
              "subnet-0aac207b120239374"
            ],
            "tags": null,
            "tags_all": {},
            "timeouts": null,
            "vpc_id": "vpc-032b5217408dc6473",
            "xff_header_processing_mode": null,
            "zone_id": ""
          },
          "sensitive_attributes": [],
          "private": "eyJlMmJmYjczMC1lY2FhLTExZTYtOGY4OC0zNDM2M2JjN2M0YzAiOnsiY3JlYXRlIjo2MDAwMDAwMDAwMDAsImRlbGV0ZSI6NjAwMDAwMDAwMDAwLCJ1cGRhdGUiOjYwMDAwMDAwMDAwMH19",
          "dependencies": [
            "aws_subnet.fw_data_subnet",
            "aws_vpc.ins_vpc"
          ]
        }
      ]
    },
    {
      "mode": "managed",
      "type": "aws_lb_listener",
      "name": "gwlb_listener",
      "provider": "provider[\"registry.terraform.io/hashicorp/aws\"]",
      "instances": [
        {
          "schema_version": 0,
          "attributes": {
            "alpn_policy": null,
            "arn": "arn:aws:elasticloadbalancing:us-east-1:211125564317:listener/gwy/gwlb-Inspection-VPC/6c7b3eb3b52db7a0/0ae22241f7e925ef",
            "certificate_arn": null,
            "default_action": [
              {
                "authenticate_cognito": [],
                "authenticate_oidc": [],
                "fixed_response": [],
                "forward": [],
                "order": 0,
                "redirect": [],
                "target_group_arn": "arn:aws:elasticloadbalancing:us-east-1:211125564317:targetgroup/gwlb-fw-targets/00d802e4415ed1a602",
                "type": "forward"
              }
            ],
            "id": "arn:aws:elasticloadbalancing:us-east-1:211125564317:listener/gwy/gwlb-Inspection-VPC/6c7b3eb3b52db7a0/0ae22241f7e925ef",
            "load_balancer_arn": "arn:aws:elasticloadbalancing:us-east-1:211125564317:loadbalancer/gwy/gwlb-Inspection-VPC/6c7b3eb3b52db7a0",
            "port": 0,
            "protocol": "",
            "ssl_policy": "",
            "tags": null,
            "tags_all": {},
            "timeouts": null
          },
          "sensitive_attributes": [],
          "private": "eyJlMmJmYjczMC1lY2FhLTExZTYtOGY4OC0zNDM2M2JjN2M0YzAiOnsicmVhZCI6NjAwMDAwMDAwMDAwfX0=",
          "dependencies": [
            "aws_lb.gwlb",
            "aws_lb_target_group.gwlb_target",
            "aws_subnet.fw_data_subnet",
            "aws_vpc.ins_vpc"
          ]
        }
      ]
    },
    {
      "mode": "managed",
      "type": "aws_lb_target_group",
      "name": "gwlb_target",
      "provider": "provider[\"registry.terraform.io/hashicorp/aws\"]",
      "instances": [
        {
          "schema_version": 0,
          "attributes": {
            "arn": "arn:aws:elasticloadbalancing:us-east-1:211125564317:targetgroup/gwlb-fw-targets/00d802e4415ed1a602",
            "arn_suffix": "targetgroup/gwlb-fw-targets/00d802e4415ed1a602",
            "connection_termination": null,
            "deregistration_delay": "300",
            "health_check": [
              {
                "enabled": true,
                "healthy_threshold": 3,
                "interval": 30,
                "matcher": "",
                "path": "",
                "port": "443",
                "protocol": "TCP",
                "timeout": 5,
                "unhealthy_threshold": 3
              }
            ],
            "id": "arn:aws:elasticloadbalancing:us-east-1:211125564317:targetgroup/gwlb-fw-targets/00d802e4415ed1a602",
            "ip_address_type": "",
            "lambda_multi_value_headers_enabled": false,
            "load_balancing_algorithm_type": null,
            "load_balancing_cross_zone_enabled": null,
            "name": "gwlb-fw-targets",
            "name_prefix": "",
            "port": 6081,
            "preserve_client_ip": null,
            "protocol": "GENEVE",
            "protocol_version": null,
            "proxy_protocol_v2": false,
            "slow_start": 0,
            "stickiness": [
              {
                "cookie_duration": 0,
                "cookie_name": "",
                "enabled": false,
                "type": "source_ip_dest_ip_proto"
              }
            ],
            "tags": null,
            "tags_all": {},
            "target_failover": [
              {
                "on_deregistration": "no_rebalance",
                "on_unhealthy": "no_rebalance"
              }
            ],
            "target_health_state": [
              {
                "enable_unhealthy_connection_termination": null
              }
            ],
            "target_type": "ip",
            "vpc_id": "vpc-032b5217408dc6473"
          },
          "sensitive_attributes": [],
          "private": "bnVsbA==",
          "dependencies": [
            "aws_vpc.ins_vpc"
          ],
          "create_before_destroy": true
        }
      ]
    },
    {
      "mode": "managed",
      "type": "aws_lb_target_group_attachment",
      "name": "fgt2attach",
      "provider": "provider[\"registry.terraform.io/hashicorp/aws\"]",
      "instances": [
        {
          "schema_version": 0,
          "attributes": {
            "availability_zone": null,
            "id": "arn:aws:elasticloadbalancing:us-east-1:211125564317:targetgroup/gwlb-fw-targets/00d802e4415ed1a602-2024061113383740810000000e",
            "port": 6081,
            "target_group_arn": "arn:aws:elasticloadbalancing:us-east-1:211125564317:targetgroup/gwlb-fw-targets/00d802e4415ed1a602",
            "target_id": "10.1.1.211"
          },
          "sensitive_attributes": [],
          "private": "bnVsbA==",
          "dependencies": [
            "aws_instance.fgtvm2",
            "aws_lb.gwlb",
            "aws_lb_target_group.gwlb_target",
            "aws_network_interface.fgt2eth0",
            "aws_network_interface.fgt2eth1",
            "aws_subnet.fw_data_subnet",
            "aws_subnet.fw_mgmt_subnet",
            "aws_subnet.gwlbe_subnet",
            "aws_vpc.ins_vpc",
            "aws_vpc_endpoint.gwlbe",
            "aws_vpc_endpoint_service.gwlb_es",
            "data.aws_network_interface.vpcendpointip",
            "data.aws_network_interface.vpcendpointipaz2"
          ]
        }
      ]
    },
    {
      "mode": "managed",
      "type": "aws_lb_target_group_attachment",
      "name": "fgtattach",
      "provider": "provider[\"registry.terraform.io/hashicorp/aws\"]",
      "instances": [
        {
          "schema_version": 0,
          "attributes": {
            "availability_zone": null,
            "id": "arn:aws:elasticloadbalancing:us-east-1:211125564317:targetgroup/gwlb-fw-targets/00d802e4415ed1a602-2024061113383731030000000d",
            "port": 6081,
            "target_group_arn": "arn:aws:elasticloadbalancing:us-east-1:211125564317:targetgroup/gwlb-fw-targets/00d802e4415ed1a602",
            "target_id": "10.1.0.147"
          },
          "sensitive_attributes": [],
          "private": "bnVsbA==",
          "dependencies": [
            "aws_instance.fgtvm",
            "aws_lb.gwlb",
            "aws_lb_target_group.gwlb_target",
            "aws_network_interface.eth0",
            "aws_network_interface.fgt1eth1",
            "aws_subnet.fw_data_subnet",
            "aws_subnet.fw_mgmt_subnet",
            "aws_subnet.gwlbe_subnet",
            "aws_vpc.ins_vpc",
            "aws_vpc_endpoint.gwlbe",
            "aws_vpc_endpoint_service.gwlb_es",
            "data.aws_network_interface.vpcendpointip",
            "data.aws_network_interface.vpcendpointipaz2"
          ]
        }
      ]
    },
    {
      "mode": "managed",
      "type": "aws_nat_gateway",
      "name": "nat_gw",
      "provider": "provider[\"registry.terraform.io/hashicorp/aws\"]",
      "instances": [
        {
          "index_key": 0,
          "schema_version": 0,
          "attributes": {
            "allocation_id": "eipalloc-04347bf81463cf121",
            "association_id": "eipassoc-0cd832e7940341a85",
            "connectivity_type": "public",
            "id": "nat-06310482dff1f3d11",
            "network_interface_id": "eni-02c9074fab46fad28",
            "private_ip": "10.1.2.37",
            "public_ip": "3.208.140.216",
            "secondary_allocation_ids": null,
            "secondary_private_ip_address_count": 0,
            "secondary_private_ip_addresses": [],
            "subnet_id": "subnet-0acef3233025dcb98",
            "tags": {
              "Name": "Inspection-VPC-NAT-GW-us-east-1a"
            },
            "tags_all": {
              "Name": "Inspection-VPC-NAT-GW-us-east-1a"
            },
            "timeouts": null
          },
          "sensitive_attributes": [],
          "private": "eyJlMmJmYjczMC1lY2FhLTExZTYtOGY4OC0zNDM2M2JjN2M0YzAiOnsiY3JlYXRlIjo2MDAwMDAwMDAwMDAsImRlbGV0ZSI6MTgwMDAwMDAwMDAwMCwidXBkYXRlIjo2MDAwMDAwMDAwMDB9fQ==",
          "dependencies": [
            "aws_eip.public_ip",
            "aws_subnet.natgw_subnet",
            "aws_vpc.ins_vpc"
          ],
          "create_before_destroy": true
        },
        {
          "index_key": 1,
          "schema_version": 0,
          "attributes": {
            "allocation_id": "eipalloc-09cfd7a88243115e8",
            "association_id": "eipassoc-0d4f193fe6305d2ce",
            "connectivity_type": "public",
            "id": "nat-0840a83f10cc0cc4d",
            "network_interface_id": "eni-080e7e89f6f875fbf",
            "private_ip": "10.1.3.44",
            "public_ip": "3.221.249.119",
            "secondary_allocation_ids": null,
            "secondary_private_ip_address_count": 0,
            "secondary_private_ip_addresses": [],
            "subnet_id": "subnet-0333fe6b10b348d72",
            "tags": {
              "Name": "Inspection-VPC-NAT-GW-us-east-1b"
            },
            "tags_all": {
              "Name": "Inspection-VPC-NAT-GW-us-east-1b"
            },
            "timeouts": null
          },
          "sensitive_attributes": [],
          "private": "eyJlMmJmYjczMC1lY2FhLTExZTYtOGY4OC0zNDM2M2JjN2M0YzAiOnsiY3JlYXRlIjo2MDAwMDAwMDAwMDAsImRlbGV0ZSI6MTgwMDAwMDAwMDAwMCwidXBkYXRlIjo2MDAwMDAwMDAwMDB9fQ==",
          "dependencies": [
            "aws_eip.public_ip",
            "aws_subnet.natgw_subnet",
            "aws_vpc.ins_vpc"
          ],
          "create_before_destroy": true
        }
      ]
    },
    {
      "mode": "managed",
      "type": "aws_network_interface",
      "name": "eth0",
      "provider": "provider[\"registry.terraform.io/hashicorp/aws\"]",
      "instances": [
        {
          "schema_version": 0,
          "attributes": {
            "arn": "arn:aws:ec2:us-east-1:211125564317:network-interface/eni-02b0488489b0fd404",
            "attachment": [],
            "description": "fgtvm-port1",
            "id": "eni-02b0488489b0fd404",
            "interface_type": "interface",
            "ipv4_prefix_count": 0,
            "ipv4_prefixes": [],
            "ipv6_address_count": 0,
            "ipv6_address_list": [],
            "ipv6_address_list_enabled": false,
            "ipv6_addresses": [],
            "ipv6_prefix_count": 0,
            "ipv6_prefixes": [],
            "mac_address": "0a:ff:d6:9b:e1:79",
            "outpost_arn": "",
            "owner_id": "211125564317",
            "private_dns_name": "ip-10-1-2-22.ec2.internal",
            "private_ip": "10.1.2.22",
            "private_ip_list": [
              "10.1.2.22"
            ],
            "private_ip_list_enabled": false,
            "private_ips": [
              "10.1.2.22"
            ],
            "private_ips_count": 0,
            "security_groups": [
              "sg-0b41eca32b9acfda3"
            ],
            "source_dest_check": true,
            "subnet_id": "subnet-08e58a094d62f8dc0",
            "tags": null,
            "tags_all": {}
          },
          "sensitive_attributes": [],
          "private": "bnVsbA==",
          "dependencies": [
            "aws_subnet.fw_mgmt_subnet",
            "aws_vpc.ins_vpc"
          ]
        }
      ]
    },
    {
      "mode": "managed",
      "type": "aws_network_interface",
      "name": "fgt1eth1",
      "provider": "provider[\"registry.terraform.io/hashicorp/aws\"]",
      "instances": [
        {
          "schema_version": 0,
          "attributes": {
            "arn": "arn:aws:ec2:us-east-1:211125564317:network-interface/eni-086cd38fcb2046444",
            "attachment": [],
            "description": "fgtvm-port2",
            "id": "eni-086cd38fcb2046444",
            "interface_type": "interface",
            "ipv4_prefix_count": 0,
            "ipv4_prefixes": [],
            "ipv6_address_count": 0,
            "ipv6_address_list": [],
            "ipv6_address_list_enabled": false,
            "ipv6_addresses": [],
            "ipv6_prefix_count": 0,
            "ipv6_prefixes": [],
            "mac_address": "0a:ff:cf:3d:ef:87",
            "outpost_arn": "",
            "owner_id": "211125564317",
            "private_dns_name": "ip-10-1-0-147.ec2.internal",
            "private_ip": "10.1.0.147",
            "private_ip_list": [
              "10.1.0.147"
            ],
            "private_ip_list_enabled": false,
            "private_ips": [
              "10.1.0.147"
            ],
            "private_ips_count": 0,
            "security_groups": [
              "sg-0b41eca32b9acfda3"
            ],
            "source_dest_check": false,
            "subnet_id": "subnet-0a5f2c795d7b196bb",
            "tags": null,
            "tags_all": {}
          },
          "sensitive_attributes": [],
          "private": "bnVsbA==",
          "dependencies": [
            "aws_subnet.fw_data_subnet",
            "aws_vpc.ins_vpc"
          ]
        }
      ]
    },
    {
      "mode": "managed",
      "type": "aws_network_interface",
      "name": "fgt2eth0",
      "provider": "provider[\"registry.terraform.io/hashicorp/aws\"]",
      "instances": [
        {
          "schema_version": 0,
          "attributes": {
            "arn": "arn:aws:ec2:us-east-1:211125564317:network-interface/eni-09ae2acc9289516a9",
            "attachment": [],
            "description": "fgtvm2-port1",
            "id": "eni-09ae2acc9289516a9",
            "interface_type": "interface",
            "ipv4_prefix_count": 0,
            "ipv4_prefixes": [],
            "ipv6_address_count": 0,
            "ipv6_address_list": [],
            "ipv6_address_list_enabled": false,
            "ipv6_addresses": [],
            "ipv6_prefix_count": 0,
            "ipv6_prefixes": [],
            "mac_address": "0e:80:51:47:eb:d3",
            "outpost_arn": "",
            "owner_id": "211125564317",
            "private_dns_name": "ip-10-1-3-19.ec2.internal",
            "private_ip": "10.1.3.19",
            "private_ip_list": [
              "10.1.3.19"
            ],
            "private_ip_list_enabled": false,
            "private_ips": [
              "10.1.3.19"
            ],
            "private_ips_count": 0,
            "security_groups": [
              "sg-0b41eca32b9acfda3"
            ],
            "source_dest_check": true,
            "subnet_id": "subnet-0458a2024e33cf5d7",
            "tags": null,
            "tags_all": {}
          },
          "sensitive_attributes": [],
          "private": "bnVsbA==",
          "dependencies": [
            "aws_subnet.fw_mgmt_subnet",
            "aws_vpc.ins_vpc"
          ]
        }
      ]
    },
    {
      "mode": "managed",
      "type": "aws_network_interface",
      "name": "fgt2eth1",
      "provider": "provider[\"registry.terraform.io/hashicorp/aws\"]",
      "instances": [
        {
          "schema_version": 0,
          "attributes": {
            "arn": "arn:aws:ec2:us-east-1:211125564317:network-interface/eni-0a069df2412ff5166",
            "attachment": [],
            "description": "fgtvm2-port2",
            "id": "eni-0a069df2412ff5166",
            "interface_type": "interface",
            "ipv4_prefix_count": 0,
            "ipv4_prefixes": [],
            "ipv6_address_count": 0,
            "ipv6_address_list": [],
            "ipv6_address_list_enabled": false,
            "ipv6_addresses": [],
            "ipv6_prefix_count": 0,
            "ipv6_prefixes": [],
            "mac_address": "0e:86:60:f8:57:9f",
            "outpost_arn": "",
            "owner_id": "211125564317",
            "private_dns_name": "ip-10-1-1-211.ec2.internal",
            "private_ip": "10.1.1.211",
            "private_ip_list": [
              "10.1.1.211"
            ],
            "private_ip_list_enabled": false,
            "private_ips": [
              "10.1.1.211"
            ],
            "private_ips_count": 0,
            "security_groups": [
              "sg-0b41eca32b9acfda3"
            ],
            "source_dest_check": false,
            "subnet_id": "subnet-0aac207b120239374",
            "tags": null,
            "tags_all": {}
          },
          "sensitive_attributes": [],
          "private": "bnVsbA==",
          "dependencies": [
            "aws_subnet.fw_data_subnet",
            "aws_vpc.ins_vpc"
          ]
        }
      ]
    },
    {
      "mode": "managed",
      "type": "aws_network_interface_sg_attachment",
      "name": "fgt2internalattachment",
      "provider": "provider[\"registry.terraform.io/hashicorp/aws\"]",
      "instances": [
        {
          "schema_version": 0,
          "attributes": {
            "id": "sg-079091f378fbef90d_eni-0a069df2412ff5166",
            "network_interface_id": "eni-0a069df2412ff5166",
            "security_group_id": "sg-079091f378fbef90d"
          },
          "sensitive_attributes": [],
          "private": "bnVsbA==",
          "dependencies": [
            "aws_network_interface.fgt2eth1",
            "aws_security_group.fw-data-sg",
            "aws_subnet.fw_data_subnet",
            "aws_vpc.ins_vpc"
          ]
        }
      ]
    },
    {
      "mode": "managed",
      "type": "aws_network_interface_sg_attachment",
      "name": "fgt2publicattachment",
      "provider": "provider[\"registry.terraform.io/hashicorp/aws\"]",
      "instances": [
        {
          "schema_version": 0,
          "attributes": {
            "id": "sg-0f6ca3045c9e357b3_eni-09ae2acc9289516a9",
            "network_interface_id": "eni-09ae2acc9289516a9",
            "security_group_id": "sg-0f6ca3045c9e357b3"
          },
          "sensitive_attributes": [],
          "private": "bnVsbA==",
          "dependencies": [
            "aws_network_interface.fgt2eth0",
            "aws_security_group.fw-mgmt-sg",
            "aws_subnet.fw_mgmt_subnet",
            "aws_vpc.ins_vpc"
          ]
        }
      ]
    },
    {
      "mode": "managed",
      "type": "aws_network_interface_sg_attachment",
      "name": "internalattachment",
      "provider": "provider[\"registry.terraform.io/hashicorp/aws\"]",
      "instances": [
        {
          "schema_version": 0,
          "attributes": {
            "id": "sg-079091f378fbef90d_eni-086cd38fcb2046444",
            "network_interface_id": "eni-086cd38fcb2046444",
            "security_group_id": "sg-079091f378fbef90d"
          },
          "sensitive_attributes": [],
          "private": "bnVsbA==",
          "dependencies": [
            "aws_network_interface.fgt1eth1",
            "aws_security_group.fw-data-sg",
            "aws_subnet.fw_data_subnet",
            "aws_vpc.ins_vpc"
          ]
        }
      ]
    },
    {
      "mode": "managed",
      "type": "aws_network_interface_sg_attachment",
      "name": "publicattachment",
      "provider": "provider[\"registry.terraform.io/hashicorp/aws\"]",
      "instances": [
        {
          "schema_version": 0,
          "attributes": {
            "id": "sg-0f6ca3045c9e357b3_eni-02b0488489b0fd404",
            "network_interface_id": "eni-02b0488489b0fd404",
            "security_group_id": "sg-0f6ca3045c9e357b3"
          },
          "sensitive_attributes": [],
          "private": "bnVsbA==",
          "dependencies": [
            "aws_network_interface.eth0",
            "aws_security_group.fw-mgmt-sg",
            "aws_subnet.fw_mgmt_subnet",
            "aws_vpc.ins_vpc"
          ]
        }
      ]
    },
    {
      "mode": "managed",
      "type": "aws_route",
      "name": "cs-tmp-firewallroute",
      "provider": "provider[\"registry.terraform.io/hashicorp/aws\"]",
      "instances": [
        {
          "schema_version": 0,
          "attributes": {
            "carrier_gateway_id": "",
            "core_network_arn": "",
            "destination_cidr_block": "10.1.0.0/22",
            "destination_ipv6_cidr_block": "",
            "destination_prefix_list_id": "",
            "egress_only_gateway_id": "",
            "gateway_id": "",
            "id": "r-rtb-0eeee0b72cfd4cfec363821730",
            "instance_id": "",
            "instance_owner_id": "",
            "local_gateway_id": "",
            "nat_gateway_id": "",
            "network_interface_id": "",
            "origin": "CreateRoute",
            "route_table_id": "rtb-0eeee0b72cfd4cfec",
            "state": "blackhole",
            "timeouts": null,
            "transit_gateway_id": "tgw-0c997b10c7cbea57d",
            "vpc_endpoint_id": "",
            "vpc_peering_connection_id": ""
          },
          "sensitive_attributes": [],
          "private": "eyJlMmJmYjczMC1lY2FhLTExZTYtOGY4OC0zNDM2M2JjN2M0YzAiOnsiY3JlYXRlIjozMDAwMDAwMDAwMDAsImRlbGV0ZSI6MzAwMDAwMDAwMDAwLCJ1cGRhdGUiOjEyMDAwMDAwMDAwMH19",
          "dependencies": [
            "aws_ec2_transit_gateway.osi-tgw",
            "aws_route_table.csprivatert",
            "aws_vpc.customer-vpc"
          ]
        }
      ]
    },
    {
      "mode": "managed",
      "type": "aws_route",
      "name": "csinternalroute",
      "provider": "provider[\"registry.terraform.io/hashicorp/aws\"]",
      "instances": [
        {
          "schema_version": 0,
          "attributes": {
            "carrier_gateway_id": "",
            "core_network_arn": "",
            "destination_cidr_block": "0.0.0.0/0",
            "destination_ipv6_cidr_block": "",
            "destination_prefix_list_id": "",
            "egress_only_gateway_id": "",
            "gateway_id": "",
            "id": "r-rtb-0eeee0b72cfd4cfec1080289494",
            "instance_id": "",
            "instance_owner_id": "",
            "local_gateway_id": "",
            "nat_gateway_id": "",
            "network_interface_id": "",
            "origin": "CreateRoute",
            "route_table_id": "rtb-0eeee0b72cfd4cfec",
            "state": "blackhole",
            "timeouts": null,
            "transit_gateway_id": "tgw-0c997b10c7cbea57d",
            "vpc_endpoint_id": "",
            "vpc_peering_connection_id": ""
          },
          "sensitive_attributes": [],
          "private": "eyJlMmJmYjczMC1lY2FhLTExZTYtOGY4OC0zNDM2M2JjN2M0YzAiOnsiY3JlYXRlIjozMDAwMDAwMDAwMDAsImRlbGV0ZSI6MzAwMDAwMDAwMDAwLCJ1cGRhdGUiOjEyMDAwMDAwMDAwMH19",
          "dependencies": [
            "aws_ec2_transit_gateway.osi-tgw",
            "aws_route_table.csprivatert",
            "aws_vpc.customer-vpc"
          ]
        }
      ]
    },
    {
      "mode": "managed",
      "type": "aws_route",
      "name": "pv-externalroute",
      "provider": "provider[\"registry.terraform.io/hashicorp/aws\"]",
      "instances": [
        {
          "schema_version": 0,
          "attributes": {
            "carrier_gateway_id": "",
            "core_network_arn": "",
            "destination_cidr_block": "0.0.0.0/0",
            "destination_ipv6_cidr_block": "",
            "destination_prefix_list_id": "",
            "egress_only_gateway_id": "",
            "gateway_id": "",
            "id": "r-rtb-0a13b6efd6baa03641080289494",
            "instance_id": "",
            "instance_owner_id": "",
            "local_gateway_id": "",
            "nat_gateway_id": "",
            "network_interface_id": "",
            "origin": "CreateRoute",
            "route_table_id": "rtb-0a13b6efd6baa0364",
            "state": "active",
            "timeouts": null,
            "transit_gateway_id": "",
            "vpc_endpoint_id": "vpce-0b74cd12c1274d640",
            "vpc_peering_connection_id": ""
          },
          "sensitive_attributes": [],
          "private": "eyJlMmJmYjczMC1lY2FhLTExZTYtOGY4OC0zNDM2M2JjN2M0YzAiOnsiY3JlYXRlIjozMDAwMDAwMDAwMDAsImRlbGV0ZSI6MzAwMDAwMDAwMDAwLCJ1cGRhdGUiOjEyMDAwMDAwMDAwMH19",
          "dependencies": [
            "aws_lb.gwlb",
            "aws_route_table.pv-publicrtaz1",
            "aws_subnet.fw_data_subnet",
            "aws_subnet.pv-gwlbe-az1",
            "aws_vpc.ins_vpc",
            "aws_vpc.public-customer-vpc",
            "aws_vpc_endpoint.gwlbendpoint",
            "aws_vpc_endpoint_service.gwlb_es"
          ]
        }
      ]
    },
    {
      "mode": "managed",
      "type": "aws_route",
      "name": "pv-externalrouteaz2",
      "provider": "provider[\"registry.terraform.io/hashicorp/aws\"]",
      "instances": [
        {
          "schema_version": 0,
          "attributes": {
            "carrier_gateway_id": "",
            "core_network_arn": "",
            "destination_cidr_block": "0.0.0.0/0",
            "destination_ipv6_cidr_block": "",
            "destination_prefix_list_id": "",
            "egress_only_gateway_id": "",
            "gateway_id": "",
            "id": "r-rtb-0c40b54927d0ba89f1080289494",
            "instance_id": "",
            "instance_owner_id": "",
            "local_gateway_id": "",
            "nat_gateway_id": "",
            "network_interface_id": "",
            "origin": "CreateRoute",
            "route_table_id": "rtb-0c40b54927d0ba89f",
            "state": "active",
            "timeouts": null,
            "transit_gateway_id": "",
            "vpc_endpoint_id": "vpce-0539e9fda3231e282",
            "vpc_peering_connection_id": ""
          },
          "sensitive_attributes": [],
          "private": "eyJlMmJmYjczMC1lY2FhLTExZTYtOGY4OC0zNDM2M2JjN2M0YzAiOnsiY3JlYXRlIjozMDAwMDAwMDAwMDAsImRlbGV0ZSI6MzAwMDAwMDAwMDAwLCJ1cGRhdGUiOjEyMDAwMDAwMDAwMH19",
          "dependencies": [
            "aws_lb.gwlb",
            "aws_route_table.pv-publicrtaz2",
            "aws_subnet.fw_data_subnet",
            "aws_subnet.pv-gwlbe-az2",
            "aws_vpc.ins_vpc",
            "aws_vpc.public-customer-vpc",
            "aws_vpc_endpoint.gwlbendpointaz2",
            "aws_vpc_endpoint_service.gwlb_es"
          ]
        }
      ]
    },
    {
      "mode": "managed",
      "type": "aws_route",
      "name": "pv-gwlberouteaz1",
      "provider": "provider[\"registry.terraform.io/hashicorp/aws\"]",
      "instances": [
        {
          "schema_version": 0,
          "attributes": {
            "carrier_gateway_id": "",
            "core_network_arn": "",
            "destination_cidr_block": "0.0.0.0/0",
            "destination_ipv6_cidr_block": "",
            "destination_prefix_list_id": "",
            "egress_only_gateway_id": "",
            "gateway_id": "igw-094be6cab9163ef78",
            "id": "r-rtb-0d13fe1c8109b92361080289494",
            "instance_id": "",
            "instance_owner_id": "",
            "local_gateway_id": "",
            "nat_gateway_id": "",
            "network_interface_id": "",
            "origin": "CreateRoute",
            "route_table_id": "rtb-0d13fe1c8109b9236",
            "state": "active",
            "timeouts": null,
            "transit_gateway_id": "",
            "vpc_endpoint_id": "",
            "vpc_peering_connection_id": ""
          },
          "sensitive_attributes": [],
          "private": "eyJlMmJmYjczMC1lY2FhLTExZTYtOGY4OC0zNDM2M2JjN2M0YzAiOnsiY3JlYXRlIjozMDAwMDAwMDAwMDAsImRlbGV0ZSI6MzAwMDAwMDAwMDAwLCJ1cGRhdGUiOjEyMDAwMDAwMDAwMH19",
          "dependencies": [
            "aws_internet_gateway.pvigw",
            "aws_route_table.pv-gwlbeaz1-rt",
            "aws_vpc.public-customer-vpc"
          ]
        }
      ]
    },
    {
      "mode": "managed",
      "type": "aws_route",
      "name": "pv-gwlberouteaz2",
      "provider": "provider[\"registry.terraform.io/hashicorp/aws\"]",
      "instances": [
        {
          "schema_version": 0,
          "attributes": {
            "carrier_gateway_id": "",
            "core_network_arn": "",
            "destination_cidr_block": "0.0.0.0/0",
            "destination_ipv6_cidr_block": "",
            "destination_prefix_list_id": "",
            "egress_only_gateway_id": "",
            "gateway_id": "igw-094be6cab9163ef78",
            "id": "r-rtb-05e67ab0715f0b21e1080289494",
            "instance_id": "",
            "instance_owner_id": "",
            "local_gateway_id": "",
            "nat_gateway_id": "",
            "network_interface_id": "",
            "origin": "CreateRoute",
            "route_table_id": "rtb-05e67ab0715f0b21e",
            "state": "active",
            "timeouts": null,
            "transit_gateway_id": "",
            "vpc_endpoint_id": "",
            "vpc_peering_connection_id": ""
          },
          "sensitive_attributes": [],
          "private": "eyJlMmJmYjczMC1lY2FhLTExZTYtOGY4OC0zNDM2M2JjN2M0YzAiOnsiY3JlYXRlIjozMDAwMDAwMDAwMDAsImRlbGV0ZSI6MzAwMDAwMDAwMDAwLCJ1cGRhdGUiOjEyMDAwMDAwMDAwMH19",
          "dependencies": [
            "aws_internet_gateway.pvigw",
            "aws_route_table.pv-gwlbeaz2-rt",
            "aws_vpc.public-customer-vpc"
          ]
        }
      ]
    },
    {
      "mode": "managed",
      "type": "aws_route",
      "name": "pv-internalfirewallrouteaz1",
      "provider": "provider[\"registry.terraform.io/hashicorp/aws\"]",
      "instances": [
        {
          "schema_version": 0,
          "attributes": {
            "carrier_gateway_id": "",
            "core_network_arn": "",
            "destination_cidr_block": "10.1.0.0/22",
            "destination_ipv6_cidr_block": "",
            "destination_prefix_list_id": "",
            "egress_only_gateway_id": "",
            "gateway_id": "",
            "id": "r-rtb-0a13b6efd6baa0364363821730",
            "instance_id": "",
            "instance_owner_id": "",
            "local_gateway_id": "",
            "nat_gateway_id": "",
            "network_interface_id": "",
            "origin": "CreateRoute",
            "route_table_id": "rtb-0a13b6efd6baa0364",
            "state": "active",
            "timeouts": null,
            "transit_gateway_id": "tgw-0c997b10c7cbea57d",
            "vpc_endpoint_id": "",
            "vpc_peering_connection_id": ""
          },
          "sensitive_attributes": [],
          "private": "eyJlMmJmYjczMC1lY2FhLTExZTYtOGY4OC0zNDM2M2JjN2M0YzAiOnsiY3JlYXRlIjozMDAwMDAwMDAwMDAsImRlbGV0ZSI6MzAwMDAwMDAwMDAwLCJ1cGRhdGUiOjEyMDAwMDAwMDAwMH19",
          "dependencies": [
            "aws_ec2_transit_gateway.osi-tgw",
            "aws_route_table.pv-publicrtaz1",
            "aws_vpc.public-customer-vpc"
          ]
        }
      ]
    },
    {
      "mode": "managed",
      "type": "aws_route",
      "name": "pv-internalfirewallrouteaz2",
      "provider": "provider[\"registry.terraform.io/hashicorp/aws\"]",
      "instances": [
        {
          "schema_version": 0,
          "attributes": {
            "carrier_gateway_id": "",
            "core_network_arn": "",
            "destination_cidr_block": "10.1.0.0/22",
            "destination_ipv6_cidr_block": "",
            "destination_prefix_list_id": "",
            "egress_only_gateway_id": "",
            "gateway_id": "",
            "id": "r-rtb-0c40b54927d0ba89f363821730",
            "instance_id": "",
            "instance_owner_id": "",
            "local_gateway_id": "",
            "nat_gateway_id": "",
            "network_interface_id": "",
            "origin": "CreateRoute",
            "route_table_id": "rtb-0c40b54927d0ba89f",
            "state": "blackhole",
            "timeouts": null,
            "transit_gateway_id": "tgw-0c997b10c7cbea57d",
            "vpc_endpoint_id": "",
            "vpc_peering_connection_id": ""
          },
          "sensitive_attributes": [],
          "private": "eyJlMmJmYjczMC1lY2FhLTExZTYtOGY4OC0zNDM2M2JjN2M0YzAiOnsiY3JlYXRlIjozMDAwMDAwMDAwMDAsImRlbGV0ZSI6MzAwMDAwMDAwMDAwLCJ1cGRhdGUiOjEyMDAwMDAwMDAwMH19",
          "dependencies": [
            "aws_ec2_transit_gateway.osi-tgw",
            "aws_route_table.pv-publicrtaz2",
            "aws_vpc.public-customer-vpc"
          ]
        }
      ]
    },
    {
      "mode": "managed",
      "type": "aws_route",
      "name": "pv-internalroute",
      "provider": "provider[\"registry.terraform.io/hashicorp/aws\"]",
      "instances": [
        {
          "schema_version": 0,
          "attributes": {
            "carrier_gateway_id": "",
            "core_network_arn": "",
            "destination_cidr_block": "20.1.0.0/16",
            "destination_ipv6_cidr_block": "",
            "destination_prefix_list_id": "",
            "egress_only_gateway_id": "",
            "gateway_id": "",
            "id": "r-rtb-0cd1e44b3376bc69c1609725061",
            "instance_id": "",
            "instance_owner_id": "",
            "local_gateway_id": "",
            "nat_gateway_id": "",
            "network_interface_id": "",
            "origin": "CreateRoute",
            "route_table_id": "rtb-0cd1e44b3376bc69c",
            "state": "active",
            "timeouts": null,
            "transit_gateway_id": "tgw-0c997b10c7cbea57d",
            "vpc_endpoint_id": "",
            "vpc_peering_connection_id": ""
          },
          "sensitive_attributes": [],
          "private": "eyJlMmJmYjczMC1lY2FhLTExZTYtOGY4OC0zNDM2M2JjN2M0YzAiOnsiY3JlYXRlIjozMDAwMDAwMDAwMDAsImRlbGV0ZSI6MzAwMDAwMDAwMDAwLCJ1cGRhdGUiOjEyMDAwMDAwMDAwMH19",
          "dependencies": [
            "aws_ec2_transit_gateway.osi-tgw",
            "aws_route_table.pv-privatert",
            "aws_vpc.public-customer-vpc"
          ]
        }
      ]
    },
    {
      "mode": "managed",
      "type": "aws_route",
      "name": "pv-internalrouteaz1",
      "provider": "provider[\"registry.terraform.io/hashicorp/aws\"]",
      "instances": [
        {
          "schema_version": 0,
          "attributes": {
            "carrier_gateway_id": "",
            "core_network_arn": "",
            "destination_cidr_block": "20.1.0.0/16",
            "destination_ipv6_cidr_block": "",
            "destination_prefix_list_id": "",
            "egress_only_gateway_id": "",
            "gateway_id": "",
            "id": "r-rtb-0a13b6efd6baa03641609725061",
            "instance_id": "",
            "instance_owner_id": "",
            "local_gateway_id": "",
            "nat_gateway_id": "",
            "network_interface_id": "",
            "origin": "CreateRoute",
            "route_table_id": "rtb-0a13b6efd6baa0364",
            "state": "active",
            "timeouts": null,
            "transit_gateway_id": "tgw-0c997b10c7cbea57d",
            "vpc_endpoint_id": "",
            "vpc_peering_connection_id": ""
          },
          "sensitive_attributes": [],
          "private": "eyJlMmJmYjczMC1lY2FhLTExZTYtOGY4OC0zNDM2M2JjN2M0YzAiOnsiY3JlYXRlIjozMDAwMDAwMDAwMDAsImRlbGV0ZSI6MzAwMDAwMDAwMDAwLCJ1cGRhdGUiOjEyMDAwMDAwMDAwMH19",
          "dependencies": [
            "aws_ec2_transit_gateway.osi-tgw",
            "aws_route_table.pv-publicrtaz1",
            "aws_vpc.public-customer-vpc"
          ]
        }
      ]
    },
    {
      "mode": "managed",
      "type": "aws_route",
      "name": "pv-internalrouteaz2",
      "provider": "provider[\"registry.terraform.io/hashicorp/aws\"]",
      "instances": [
        {
          "schema_version": 0,
          "attributes": {
            "carrier_gateway_id": "",
            "core_network_arn": "",
            "destination_cidr_block": "20.1.0.0/16",
            "destination_ipv6_cidr_block": "",
            "destination_prefix_list_id": "",
            "egress_only_gateway_id": "",
            "gateway_id": "",
            "id": "r-rtb-0c40b54927d0ba89f1609725061",
            "instance_id": "",
            "instance_owner_id": "",
            "local_gateway_id": "",
            "nat_gateway_id": "",
            "network_interface_id": "",
            "origin": "CreateRoute",
            "route_table_id": "rtb-0c40b54927d0ba89f",
            "state": "blackhole",
            "timeouts": null,
            "transit_gateway_id": "tgw-0c997b10c7cbea57d",
            "vpc_endpoint_id": "",
            "vpc_peering_connection_id": ""
          },
          "sensitive_attributes": [],
          "private": "eyJlMmJmYjczMC1lY2FhLTExZTYtOGY4OC0zNDM2M2JjN2M0YzAiOnsiY3JlYXRlIjozMDAwMDAwMDAwMDAsImRlbGV0ZSI6MzAwMDAwMDAwMDAwLCJ1cGRhdGUiOjEyMDAwMDAwMDAwMH19",
          "dependencies": [
            "aws_ec2_transit_gateway.osi-tgw",
            "aws_route_table.pv-publicrtaz2",
            "aws_vpc.public-customer-vpc"
          ]
        }
      ]
    },
    {
      "mode": "managed",
      "type": "aws_route",
      "name": "pv-publicrouteaz1",
      "provider": "provider[\"registry.terraform.io/hashicorp/aws\"]",
      "instances": [
        {
          "schema_version": 0,
          "attributes": {
            "carrier_gateway_id": "",
            "core_network_arn": "",
            "destination_cidr_block": "20.2.0.0/24",
            "destination_ipv6_cidr_block": "",
            "destination_prefix_list_id": "",
            "egress_only_gateway_id": "",
            "gateway_id": "",
            "id": "r-rtb-033cf6551323e189a341721481",
            "instance_id": "",
            "instance_owner_id": "",
            "local_gateway_id": "",
            "nat_gateway_id": "",
            "network_interface_id": "",
            "origin": "CreateRoute",
            "route_table_id": "rtb-033cf6551323e189a",
            "state": "active",
            "timeouts": null,
            "transit_gateway_id": "",
            "vpc_endpoint_id": "vpce-0b74cd12c1274d640",
            "vpc_peering_connection_id": ""
          },
          "sensitive_attributes": [],
          "private": "eyJlMmJmYjczMC1lY2FhLTExZTYtOGY4OC0zNDM2M2JjN2M0YzAiOnsiY3JlYXRlIjozMDAwMDAwMDAwMDAsImRlbGV0ZSI6MzAwMDAwMDAwMDAwLCJ1cGRhdGUiOjEyMDAwMDAwMDAwMH19",
          "dependencies": [
            "aws_lb.gwlb",
            "aws_route_table.pv-publicrt",
            "aws_subnet.fw_data_subnet",
            "aws_subnet.pv-gwlbe-az1",
            "aws_vpc.ins_vpc",
            "aws_vpc.public-customer-vpc",
            "aws_vpc_endpoint.gwlbendpoint",
            "aws_vpc_endpoint_service.gwlb_es"
          ]
        }
      ]
    },
    {
      "mode": "managed",
      "type": "aws_route",
      "name": "pv-publicrouteaz2",
      "provider": "provider[\"registry.terraform.io/hashicorp/aws\"]",
      "instances": [
        {
          "schema_version": 0,
          "attributes": {
            "carrier_gateway_id": "",
            "core_network_arn": "",
            "destination_cidr_block": "20.2.2.0/24",
            "destination_ipv6_cidr_block": "",
            "destination_prefix_list_id": "",
            "egress_only_gateway_id": "",
            "gateway_id": "",
            "id": "r-rtb-033cf6551323e189a1503060098",
            "instance_id": "",
            "instance_owner_id": "",
            "local_gateway_id": "",
            "nat_gateway_id": "",
            "network_interface_id": "",
            "origin": "CreateRoute",
            "route_table_id": "rtb-033cf6551323e189a",
            "state": "active",
            "timeouts": null,
            "transit_gateway_id": "",
            "vpc_endpoint_id": "vpce-0539e9fda3231e282",
            "vpc_peering_connection_id": ""
          },
          "sensitive_attributes": [],
          "private": "eyJlMmJmYjczMC1lY2FhLTExZTYtOGY4OC0zNDM2M2JjN2M0YzAiOnsiY3JlYXRlIjozMDAwMDAwMDAwMDAsImRlbGV0ZSI6MzAwMDAwMDAwMDAwLCJ1cGRhdGUiOjEyMDAwMDAwMDAwMH19",
          "dependencies": [
            "aws_lb.gwlb",
            "aws_route_table.pv-publicrt",
            "aws_subnet.fw_data_subnet",
            "aws_subnet.pv-gwlbe-az2",
            "aws_vpc.ins_vpc",
            "aws_vpc.public-customer-vpc",
            "aws_vpc_endpoint.gwlbendpointaz2",
            "aws_vpc_endpoint_service.gwlb_es"
          ]
        }
      ]
    },
    {
      "mode": "managed",
      "type": "aws_route",
      "name": "pv-tmp-externalroute",
      "provider": "provider[\"registry.terraform.io/hashicorp/aws\"]",
      "instances": [
        {
          "schema_version": 0,
          "attributes": {
            "carrier_gateway_id": "",
            "core_network_arn": "",
            "destination_cidr_block": "0.0.0.0/0",
            "destination_ipv6_cidr_block": "",
            "destination_prefix_list_id": "",
            "egress_only_gateway_id": "",
            "gateway_id": "",
            "id": "r-rtb-0cd1e44b3376bc69c1080289494",
            "instance_id": "",
            "instance_owner_id": "",
            "local_gateway_id": "",
            "nat_gateway_id": "",
            "network_interface_id": "",
            "origin": "CreateRoute",
            "route_table_id": "rtb-0cd1e44b3376bc69c",
            "state": "blackhole",
            "timeouts": null,
            "transit_gateway_id": "tgw-0c997b10c7cbea57d",
            "vpc_endpoint_id": "",
            "vpc_peering_connection_id": ""
          },
          "sensitive_attributes": [],
          "private": "eyJlMmJmYjczMC1lY2FhLTExZTYtOGY4OC0zNDM2M2JjN2M0YzAiOnsiY3JlYXRlIjozMDAwMDAwMDAwMDAsImRlbGV0ZSI6MzAwMDAwMDAwMDAwLCJ1cGRhdGUiOjEyMDAwMDAwMDAwMH19",
          "dependencies": [
            "aws_ec2_transit_gateway.osi-tgw",
            "aws_route_table.pv-privatert",
            "aws_vpc.public-customer-vpc"
          ]
        }
      ]
    },
    {
      "mode": "managed",
      "type": "aws_route_table",
      "name": "csprivatert",
      "provider": "provider[\"registry.terraform.io/hashicorp/aws\"]",
      "instances": [
        {
          "schema_version": 0,
          "attributes": {
            "arn": "arn:aws:ec2:us-east-1:211125564317:route-table/rtb-0eeee0b72cfd4cfec",
            "id": "rtb-0eeee0b72cfd4cfec",
            "owner_id": "211125564317",
            "propagating_vgws": [],
            "route": [],
            "tags": {
              "Name": "Share-Service-private-rt"
            },
            "tags_all": {
              "Name": "Share-Service-private-rt"
            },
            "timeouts": null,
            "vpc_id": "vpc-050a981762cbabc6f"
          },
          "sensitive_attributes": [],
          "private": "eyJlMmJmYjczMC1lY2FhLTExZTYtOGY4OC0zNDM2M2JjN2M0YzAiOnsiY3JlYXRlIjozMDAwMDAwMDAwMDAsImRlbGV0ZSI6MzAwMDAwMDAwMDAwLCJ1cGRhdGUiOjEyMDAwMDAwMDAwMH19",
          "dependencies": [
            "aws_vpc.customer-vpc"
          ]
        }
      ]
    },
    {
      "mode": "managed",
      "type": "aws_route_table",
      "name": "fw_data_rt_1a",
      "provider": "provider[\"registry.terraform.io/hashicorp/aws\"]",
      "instances": [
        {
          "schema_version": 0,
          "attributes": {
            "arn": "arn:aws:ec2:us-east-1:211125564317:route-table/rtb-06492098e095d2045",
            "id": "rtb-06492098e095d2045",
            "owner_id": "211125564317",
            "propagating_vgws": [],
            "route": [
              {
                "carrier_gateway_id": "",
                "cidr_block": "0.0.0.0/0",
                "core_network_arn": "",
                "destination_prefix_list_id": "",
                "egress_only_gateway_id": "",
                "gateway_id": "",
                "ipv6_cidr_block": "",
                "local_gateway_id": "",
                "nat_gateway_id": "",
                "network_interface_id": "eni-086cd38fcb2046444",
                "transit_gateway_id": "",
                "vpc_endpoint_id": "",
                "vpc_peering_connection_id": ""
              },
              {
                "carrier_gateway_id": "",
                "cidr_block": "20.0.0.0/8",
                "core_network_arn": "",
                "destination_prefix_list_id": "",
                "egress_only_gateway_id": "",
                "gateway_id": "",
                "ipv6_cidr_block": "",
                "local_gateway_id": "",
                "nat_gateway_id": "",
                "network_interface_id": "",
                "transit_gateway_id": "tgw-0c997b10c7cbea57d",
                "vpc_endpoint_id": "",
                "vpc_peering_connection_id": ""
              }
            ],
            "tags": {
              "Name": "Inspection-VPC-FW-DATA-rt-us-east-1a"
            },
            "tags_all": {
              "Name": "Inspection-VPC-FW-DATA-rt-us-east-1a"
            },
            "timeouts": null,
            "vpc_id": "vpc-032b5217408dc6473"
          },
          "sensitive_attributes": [],
          "private": "eyJlMmJmYjczMC1lY2FhLTExZTYtOGY4OC0zNDM2M2JjN2M0YzAiOnsiY3JlYXRlIjozMDAwMDAwMDAwMDAsImRlbGV0ZSI6MzAwMDAwMDAwMDAwLCJ1cGRhdGUiOjEyMDAwMDAwMDAwMH19",
          "dependencies": [
            "aws_ec2_transit_gateway.osi-tgw",
            "aws_network_interface.fgt1eth1",
            "aws_subnet.fw_data_subnet",
            "aws_vpc.ins_vpc"
          ]
        }
      ]
    },
    {
      "mode": "managed",
      "type": "aws_route_table",
      "name": "fw_data_rt_1b",
      "provider": "provider[\"registry.terraform.io/hashicorp/aws\"]",
      "instances": [
        {
          "schema_version": 0,
          "attributes": {
            "arn": "arn:aws:ec2:us-east-1:211125564317:route-table/rtb-089e00d7051158d40",
            "id": "rtb-089e00d7051158d40",
            "owner_id": "211125564317",
            "propagating_vgws": [],
            "route": [
              {
                "carrier_gateway_id": "",
                "cidr_block": "0.0.0.0/0",
                "core_network_arn": "",
                "destination_prefix_list_id": "",
                "egress_only_gateway_id": "",
                "gateway_id": "",
                "ipv6_cidr_block": "",
                "local_gateway_id": "",
                "nat_gateway_id": "",
                "network_interface_id": "eni-0a069df2412ff5166",
                "transit_gateway_id": "",
                "vpc_endpoint_id": "",
                "vpc_peering_connection_id": ""
              },
              {
                "carrier_gateway_id": "",
                "cidr_block": "20.0.0.0/8",
                "core_network_arn": "",
                "destination_prefix_list_id": "",
                "egress_only_gateway_id": "",
                "gateway_id": "",
                "ipv6_cidr_block": "",
                "local_gateway_id": "",
                "nat_gateway_id": "",
                "network_interface_id": "",
                "transit_gateway_id": "tgw-0c997b10c7cbea57d",
                "vpc_endpoint_id": "",
                "vpc_peering_connection_id": ""
              }
            ],
            "tags": {
              "Name": "Inspection-VPC-FW-DATA-rt-us-east-1b"
            },
            "tags_all": {
              "Name": "Inspection-VPC-FW-DATA-rt-us-east-1b"
            },
            "timeouts": null,
            "vpc_id": "vpc-032b5217408dc6473"
          },
          "sensitive_attributes": [],
          "private": "eyJlMmJmYjczMC1lY2FhLTExZTYtOGY4OC0zNDM2M2JjN2M0YzAiOnsiY3JlYXRlIjozMDAwMDAwMDAwMDAsImRlbGV0ZSI6MzAwMDAwMDAwMDAwLCJ1cGRhdGUiOjEyMDAwMDAwMDAwMH19",
          "dependencies": [
            "aws_ec2_transit_gateway.osi-tgw",
            "aws_network_interface.fgt2eth1",
            "aws_subnet.fw_data_subnet",
            "aws_vpc.ins_vpc"
          ]
        }
      ]
    },
    {
      "mode": "managed",
      "type": "aws_route_table",
      "name": "fw_mgmt_rt",
      "provider": "provider[\"registry.terraform.io/hashicorp/aws\"]",
      "instances": [
        {
          "index_key": 0,
          "schema_version": 0,
          "attributes": {
            "arn": "arn:aws:ec2:us-east-1:211125564317:route-table/rtb-0703452adf7d412c9",
            "id": "rtb-0703452adf7d412c9",
            "owner_id": "211125564317",
            "propagating_vgws": [],
            "route": [
              {
                "carrier_gateway_id": "",
                "cidr_block": "0.0.0.0/0",
                "core_network_arn": "",
                "destination_prefix_list_id": "",
                "egress_only_gateway_id": "",
                "gateway_id": "igw-0b2e491b2ba8861f3",
                "ipv6_cidr_block": "",
                "local_gateway_id": "",
                "nat_gateway_id": "",
                "network_interface_id": "",
                "transit_gateway_id": "",
                "vpc_endpoint_id": "",
                "vpc_peering_connection_id": ""
              },
              {
                "carrier_gateway_id": "",
                "cidr_block": "20.0.0.0/8",
                "core_network_arn": "",
                "destination_prefix_list_id": "",
                "egress_only_gateway_id": "",
                "gateway_id": "",
                "ipv6_cidr_block": "",
                "local_gateway_id": "",
                "nat_gateway_id": "",
                "network_interface_id": "",
                "transit_gateway_id": "tgw-0c997b10c7cbea57d",
                "vpc_endpoint_id": "",
                "vpc_peering_connection_id": ""
              }
            ],
            "tags": {
              "Name": "Inspection-VPC-FW-MGMT-rt-us-east-1a"
            },
            "tags_all": {
              "Name": "Inspection-VPC-FW-MGMT-rt-us-east-1a"
            },
            "timeouts": null,
            "vpc_id": "vpc-032b5217408dc6473"
          },
          "sensitive_attributes": [],
          "private": "eyJlMmJmYjczMC1lY2FhLTExZTYtOGY4OC0zNDM2M2JjN2M0YzAiOnsiY3JlYXRlIjozMDAwMDAwMDAwMDAsImRlbGV0ZSI6MzAwMDAwMDAwMDAwLCJ1cGRhdGUiOjEyMDAwMDAwMDAwMH19",
          "dependencies": [
            "aws_ec2_transit_gateway.osi-tgw",
            "aws_internet_gateway.igw",
            "aws_vpc.ins_vpc"
          ]
        },
        {
          "index_key": 1,
          "schema_version": 0,
          "attributes": {
            "arn": "arn:aws:ec2:us-east-1:211125564317:route-table/rtb-02805573532e6e371",
            "id": "rtb-02805573532e6e371",
            "owner_id": "211125564317",
            "propagating_vgws": [],
            "route": [
              {
                "carrier_gateway_id": "",
                "cidr_block": "0.0.0.0/0",
                "core_network_arn": "",
                "destination_prefix_list_id": "",
                "egress_only_gateway_id": "",
                "gateway_id": "igw-0b2e491b2ba8861f3",
                "ipv6_cidr_block": "",
                "local_gateway_id": "",
                "nat_gateway_id": "",
                "network_interface_id": "",
                "transit_gateway_id": "",
                "vpc_endpoint_id": "",
                "vpc_peering_connection_id": ""
              },
              {
                "carrier_gateway_id": "",
                "cidr_block": "20.0.0.0/8",
                "core_network_arn": "",
                "destination_prefix_list_id": "",
                "egress_only_gateway_id": "",
                "gateway_id": "",
                "ipv6_cidr_block": "",
                "local_gateway_id": "",
                "nat_gateway_id": "",
                "network_interface_id": "",
                "transit_gateway_id": "tgw-0c997b10c7cbea57d",
                "vpc_endpoint_id": "",
                "vpc_peering_connection_id": ""
              }
            ],
            "tags": {
              "Name": "Inspection-VPC-FW-MGMT-rt-us-east-1b"
            },
            "tags_all": {
              "Name": "Inspection-VPC-FW-MGMT-rt-us-east-1b"
            },
            "timeouts": null,
            "vpc_id": "vpc-032b5217408dc6473"
          },
          "sensitive_attributes": [],
          "private": "eyJlMmJmYjczMC1lY2FhLTExZTYtOGY4OC0zNDM2M2JjN2M0YzAiOnsiY3JlYXRlIjozMDAwMDAwMDAwMDAsImRlbGV0ZSI6MzAwMDAwMDAwMDAwLCJ1cGRhdGUiOjEyMDAwMDAwMDAwMH19",
          "dependencies": [
            "aws_ec2_transit_gateway.osi-tgw",
            "aws_internet_gateway.igw",
            "aws_vpc.ins_vpc"
          ]
        }
      ]
    },
    {
      "mode": "managed",
      "type": "aws_route_table",
      "name": "gwlbe_rt",
      "provider": "provider[\"registry.terraform.io/hashicorp/aws\"]",
      "instances": [
        {
          "index_key": 0,
          "schema_version": 0,
          "attributes": {
            "arn": "arn:aws:ec2:us-east-1:211125564317:route-table/rtb-02db329849987b5b7",
            "id": "rtb-02db329849987b5b7",
            "owner_id": "211125564317",
            "propagating_vgws": [],
            "route": [
              {
                "carrier_gateway_id": "",
                "cidr_block": "0.0.0.0/0",
                "core_network_arn": "",
                "destination_prefix_list_id": "",
                "egress_only_gateway_id": "",
                "gateway_id": "",
                "ipv6_cidr_block": "",
                "local_gateway_id": "",
                "nat_gateway_id": "nat-06310482dff1f3d11",
                "network_interface_id": "",
                "transit_gateway_id": "",
                "vpc_endpoint_id": "",
                "vpc_peering_connection_id": ""
              },
              {
                "carrier_gateway_id": "",
                "cidr_block": "20.0.0.0/8",
                "core_network_arn": "",
                "destination_prefix_list_id": "",
                "egress_only_gateway_id": "",
                "gateway_id": "",
                "ipv6_cidr_block": "",
                "local_gateway_id": "",
                "nat_gateway_id": "",
                "network_interface_id": "",
                "transit_gateway_id": "tgw-0c997b10c7cbea57d",
                "vpc_endpoint_id": "",
                "vpc_peering_connection_id": ""
              }
            ],
            "tags": {
              "Name": "Inspection-VPC-GWLBe-rt-us-east-1a"
            },
            "tags_all": {
              "Name": "Inspection-VPC-GWLBe-rt-us-east-1a"
            },
            "timeouts": null,
            "vpc_id": "vpc-032b5217408dc6473"
          },
          "sensitive_attributes": [],
          "private": "eyJlMmJmYjczMC1lY2FhLTExZTYtOGY4OC0zNDM2M2JjN2M0YzAiOnsiY3JlYXRlIjozMDAwMDAwMDAwMDAsImRlbGV0ZSI6MzAwMDAwMDAwMDAwLCJ1cGRhdGUiOjEyMDAwMDAwMDAwMH19",
          "dependencies": [
            "aws_ec2_transit_gateway.osi-tgw",
            "aws_eip.public_ip",
            "aws_nat_gateway.nat_gw",
            "aws_subnet.natgw_subnet",
            "aws_vpc.ins_vpc"
          ]
        },
        {
          "index_key": 1,
          "schema_version": 0,
          "attributes": {
            "arn": "arn:aws:ec2:us-east-1:211125564317:route-table/rtb-061fd43337af505b3",
            "id": "rtb-061fd43337af505b3",
            "owner_id": "211125564317",
            "propagating_vgws": [],
            "route": [
              {
                "carrier_gateway_id": "",
                "cidr_block": "0.0.0.0/0",
                "core_network_arn": "",
                "destination_prefix_list_id": "",
                "egress_only_gateway_id": "",
                "gateway_id": "",
                "ipv6_cidr_block": "",
                "local_gateway_id": "",
                "nat_gateway_id": "nat-0840a83f10cc0cc4d",
                "network_interface_id": "",
                "transit_gateway_id": "",
                "vpc_endpoint_id": "",
                "vpc_peering_connection_id": ""
              },
              {
                "carrier_gateway_id": "",
                "cidr_block": "20.0.0.0/8",
                "core_network_arn": "",
                "destination_prefix_list_id": "",
                "egress_only_gateway_id": "",
                "gateway_id": "",
                "ipv6_cidr_block": "",
                "local_gateway_id": "",
                "nat_gateway_id": "",
                "network_interface_id": "",
                "transit_gateway_id": "tgw-0c997b10c7cbea57d",
                "vpc_endpoint_id": "",
                "vpc_peering_connection_id": ""
              }
            ],
            "tags": {
              "Name": "Inspection-VPC-GWLBe-rt-us-east-1b"
            },
            "tags_all": {
              "Name": "Inspection-VPC-GWLBe-rt-us-east-1b"
            },
            "timeouts": null,
            "vpc_id": "vpc-032b5217408dc6473"
          },
          "sensitive_attributes": [],
          "private": "eyJlMmJmYjczMC1lY2FhLTExZTYtOGY4OC0zNDM2M2JjN2M0YzAiOnsiY3JlYXRlIjozMDAwMDAwMDAwMDAsImRlbGV0ZSI6MzAwMDAwMDAwMDAwLCJ1cGRhdGUiOjEyMDAwMDAwMDAwMH19",
          "dependencies": [
            "aws_ec2_transit_gateway.osi-tgw",
            "aws_eip.public_ip",
            "aws_nat_gateway.nat_gw",
            "aws_subnet.natgw_subnet",
            "aws_vpc.ins_vpc"
          ]
        }
      ]
    },
    {
      "mode": "managed",
      "type": "aws_route_table",
      "name": "natgw_rt",
      "provider": "provider[\"registry.terraform.io/hashicorp/aws\"]",
      "instances": [
        {
          "index_key": 0,
          "schema_version": 0,
          "attributes": {
            "arn": "arn:aws:ec2:us-east-1:211125564317:route-table/rtb-0593d2869f5ff4312",
            "id": "rtb-0593d2869f5ff4312",
            "owner_id": "211125564317",
            "propagating_vgws": [],
            "route": [
              {
                "carrier_gateway_id": "",
                "cidr_block": "0.0.0.0/0",
                "core_network_arn": "",
                "destination_prefix_list_id": "",
                "egress_only_gateway_id": "",
                "gateway_id": "igw-0b2e491b2ba8861f3",
                "ipv6_cidr_block": "",
                "local_gateway_id": "",
                "nat_gateway_id": "",
                "network_interface_id": "",
                "transit_gateway_id": "",
                "vpc_endpoint_id": "",
                "vpc_peering_connection_id": ""
              },
              {
                "carrier_gateway_id": "",
                "cidr_block": "20.0.0.0/8",
                "core_network_arn": "",
                "destination_prefix_list_id": "",
                "egress_only_gateway_id": "",
                "gateway_id": "",
                "ipv6_cidr_block": "",
                "local_gateway_id": "",
                "nat_gateway_id": "",
                "network_interface_id": "",
                "transit_gateway_id": "",
                "vpc_endpoint_id": "vpce-09161d45bfd12871b",
                "vpc_peering_connection_id": ""
              }
            ],
            "tags": {
              "Name": "Inspection-VPC-NATGW-rt-us-east-1a"
            },
            "tags_all": {
              "Name": "Inspection-VPC-NATGW-rt-us-east-1a"
            },
            "timeouts": null,
            "vpc_id": "vpc-032b5217408dc6473"
          },
          "sensitive_attributes": [],
          "private": "eyJlMmJmYjczMC1lY2FhLTExZTYtOGY4OC0zNDM2M2JjN2M0YzAiOnsiY3JlYXRlIjozMDAwMDAwMDAwMDAsImRlbGV0ZSI6MzAwMDAwMDAwMDAwLCJ1cGRhdGUiOjEyMDAwMDAwMDAwMH19",
          "dependencies": [
            "aws_internet_gateway.igw",
            "aws_lb.gwlb",
            "aws_subnet.fw_data_subnet",
            "aws_subnet.gwlbe_subnet",
            "aws_vpc.ins_vpc",
            "aws_vpc_endpoint.gwlbe",
            "aws_vpc_endpoint_service.gwlb_es"
          ]
        },
        {
          "index_key": 1,
          "schema_version": 0,
          "attributes": {
            "arn": "arn:aws:ec2:us-east-1:211125564317:route-table/rtb-02538a49d3e9ce5bb",
            "id": "rtb-02538a49d3e9ce5bb",
            "owner_id": "211125564317",
            "propagating_vgws": [],
            "route": [
              {
                "carrier_gateway_id": "",
                "cidr_block": "0.0.0.0/0",
                "core_network_arn": "",
                "destination_prefix_list_id": "",
                "egress_only_gateway_id": "",
                "gateway_id": "igw-0b2e491b2ba8861f3",
                "ipv6_cidr_block": "",
                "local_gateway_id": "",
                "nat_gateway_id": "",
                "network_interface_id": "",
                "transit_gateway_id": "",
                "vpc_endpoint_id": "",
                "vpc_peering_connection_id": ""
              },
              {
                "carrier_gateway_id": "",
                "cidr_block": "20.0.0.0/8",
                "core_network_arn": "",
                "destination_prefix_list_id": "",
                "egress_only_gateway_id": "",
                "gateway_id": "",
                "ipv6_cidr_block": "",
                "local_gateway_id": "",
                "nat_gateway_id": "",
                "network_interface_id": "",
                "transit_gateway_id": "",
                "vpc_endpoint_id": "vpce-06c4b25ea0354b7ea",
                "vpc_peering_connection_id": ""
              }
            ],
            "tags": {
              "Name": "Inspection-VPC-NATGW-rt-us-east-1b"
            },
            "tags_all": {
              "Name": "Inspection-VPC-NATGW-rt-us-east-1b"
            },
            "timeouts": null,
            "vpc_id": "vpc-032b5217408dc6473"
          },
          "sensitive_attributes": [],
          "private": "eyJlMmJmYjczMC1lY2FhLTExZTYtOGY4OC0zNDM2M2JjN2M0YzAiOnsiY3JlYXRlIjozMDAwMDAwMDAwMDAsImRlbGV0ZSI6MzAwMDAwMDAwMDAwLCJ1cGRhdGUiOjEyMDAwMDAwMDAwMH19",
          "dependencies": [
            "aws_internet_gateway.igw",
            "aws_lb.gwlb",
            "aws_subnet.fw_data_subnet",
            "aws_subnet.gwlbe_subnet",
            "aws_vpc.ins_vpc",
            "aws_vpc_endpoint.gwlbe",
            "aws_vpc_endpoint_service.gwlb_es"
          ]
        }
      ]
    },
    {
      "mode": "managed",
      "type": "aws_route_table",
      "name": "pv-gwlbeaz1-rt",
      "provider": "provider[\"registry.terraform.io/hashicorp/aws\"]",
      "instances": [
        {
          "schema_version": 0,
          "attributes": {
            "arn": "arn:aws:ec2:us-east-1:211125564317:route-table/rtb-0d13fe1c8109b9236",
            "id": "rtb-0d13fe1c8109b9236",
            "owner_id": "211125564317",
            "propagating_vgws": [],
            "route": [],
            "tags": {
              "Name": "Workload-gwlbeaz1-rt"
            },
            "tags_all": {
              "Name": "Workload-gwlbeaz1-rt"
            },
            "timeouts": null,
            "vpc_id": "vpc-02f4245242fcf3b67"
          },
          "sensitive_attributes": [],
          "private": "eyJlMmJmYjczMC1lY2FhLTExZTYtOGY4OC0zNDM2M2JjN2M0YzAiOnsiY3JlYXRlIjozMDAwMDAwMDAwMDAsImRlbGV0ZSI6MzAwMDAwMDAwMDAwLCJ1cGRhdGUiOjEyMDAwMDAwMDAwMH19",
          "dependencies": [
            "aws_vpc.public-customer-vpc"
          ]
        }
      ]
    },
    {
      "mode": "managed",
      "type": "aws_route_table",
      "name": "pv-gwlbeaz2-rt",
      "provider": "provider[\"registry.terraform.io/hashicorp/aws\"]",
      "instances": [
        {
          "schema_version": 0,
          "attributes": {
            "arn": "arn:aws:ec2:us-east-1:211125564317:route-table/rtb-05e67ab0715f0b21e",
            "id": "rtb-05e67ab0715f0b21e",
            "owner_id": "211125564317",
            "propagating_vgws": [],
            "route": [],
            "tags": {
              "Name": "Workload-gwlbeaz2-rt"
            },
            "tags_all": {
              "Name": "Workload-gwlbeaz2-rt"
            },
            "timeouts": null,
            "vpc_id": "vpc-02f4245242fcf3b67"
          },
          "sensitive_attributes": [],
          "private": "eyJlMmJmYjczMC1lY2FhLTExZTYtOGY4OC0zNDM2M2JjN2M0YzAiOnsiY3JlYXRlIjozMDAwMDAwMDAwMDAsImRlbGV0ZSI6MzAwMDAwMDAwMDAwLCJ1cGRhdGUiOjEyMDAwMDAwMDAwMH19",
          "dependencies": [
            "aws_vpc.public-customer-vpc"
          ]
        }
      ]
    },
    {
      "mode": "managed",
      "type": "aws_route_table",
      "name": "pv-privatert",
      "provider": "provider[\"registry.terraform.io/hashicorp/aws\"]",
      "instances": [
        {
          "schema_version": 0,
          "attributes": {
            "arn": "arn:aws:ec2:us-east-1:211125564317:route-table/rtb-0cd1e44b3376bc69c",
            "id": "rtb-0cd1e44b3376bc69c",
            "owner_id": "211125564317",
            "propagating_vgws": [],
            "route": [],
            "tags": {
              "Name": "Workload-private-rt"
            },
            "tags_all": {
              "Name": "Workload-private-rt"
            },
            "timeouts": null,
            "vpc_id": "vpc-02f4245242fcf3b67"
          },
          "sensitive_attributes": [],
          "private": "eyJlMmJmYjczMC1lY2FhLTExZTYtOGY4OC0zNDM2M2JjN2M0YzAiOnsiY3JlYXRlIjozMDAwMDAwMDAwMDAsImRlbGV0ZSI6MzAwMDAwMDAwMDAwLCJ1cGRhdGUiOjEyMDAwMDAwMDAwMH19",
          "dependencies": [
            "aws_vpc.public-customer-vpc"
          ]
        }
      ]
    },
    {
      "mode": "managed",
      "type": "aws_route_table",
      "name": "pv-publicrt",
      "provider": "provider[\"registry.terraform.io/hashicorp/aws\"]",
      "instances": [
        {
          "schema_version": 0,
          "attributes": {
            "arn": "arn:aws:ec2:us-east-1:211125564317:route-table/rtb-033cf6551323e189a",
            "id": "rtb-033cf6551323e189a",
            "owner_id": "211125564317",
            "propagating_vgws": [],
            "route": [],
            "tags": {
              "Name": "Workload-public-IGW-rt"
            },
            "tags_all": {
              "Name": "Workload-public-IGW-rt"
            },
            "timeouts": null,
            "vpc_id": "vpc-02f4245242fcf3b67"
          },
          "sensitive_attributes": [],
          "private": "eyJlMmJmYjczMC1lY2FhLTExZTYtOGY4OC0zNDM2M2JjN2M0YzAiOnsiY3JlYXRlIjozMDAwMDAwMDAwMDAsImRlbGV0ZSI6MzAwMDAwMDAwMDAwLCJ1cGRhdGUiOjEyMDAwMDAwMDAwMH19",
          "dependencies": [
            "aws_vpc.public-customer-vpc"
          ]
        }
      ]
    },
    {
      "mode": "managed",
      "type": "aws_route_table",
      "name": "pv-publicrtaz1",
      "provider": "provider[\"registry.terraform.io/hashicorp/aws\"]",
      "instances": [
        {
          "schema_version": 0,
          "attributes": {
            "arn": "arn:aws:ec2:us-east-1:211125564317:route-table/rtb-0a13b6efd6baa0364",
            "id": "rtb-0a13b6efd6baa0364",
            "owner_id": "211125564317",
            "propagating_vgws": [],
            "route": [],
            "tags": {
              "Name": "Workload-publicaz1-egress-rt"
            },
            "tags_all": {
              "Name": "Workload-publicaz1-egress-rt"
            },
            "timeouts": null,
            "vpc_id": "vpc-02f4245242fcf3b67"
          },
          "sensitive_attributes": [],
          "private": "eyJlMmJmYjczMC1lY2FhLTExZTYtOGY4OC0zNDM2M2JjN2M0YzAiOnsiY3JlYXRlIjozMDAwMDAwMDAwMDAsImRlbGV0ZSI6MzAwMDAwMDAwMDAwLCJ1cGRhdGUiOjEyMDAwMDAwMDAwMH19",
          "dependencies": [
            "aws_vpc.public-customer-vpc"
          ]
        }
      ]
    },
    {
      "mode": "managed",
      "type": "aws_route_table",
      "name": "pv-publicrtaz2",
      "provider": "provider[\"registry.terraform.io/hashicorp/aws\"]",
      "instances": [
        {
          "schema_version": 0,
          "attributes": {
            "arn": "arn:aws:ec2:us-east-1:211125564317:route-table/rtb-0c40b54927d0ba89f",
            "id": "rtb-0c40b54927d0ba89f",
            "owner_id": "211125564317",
            "propagating_vgws": [],
            "route": [],
            "tags": {
              "Name": "Workload-publicaz2-egress-rt"
            },
            "tags_all": {
              "Name": "Workload-publicaz2-egress-rt"
            },
            "timeouts": null,
            "vpc_id": "vpc-02f4245242fcf3b67"
          },
          "sensitive_attributes": [],
          "private": "eyJlMmJmYjczMC1lY2FhLTExZTYtOGY4OC0zNDM2M2JjN2M0YzAiOnsiY3JlYXRlIjozMDAwMDAwMDAwMDAsImRlbGV0ZSI6MzAwMDAwMDAwMDAwLCJ1cGRhdGUiOjEyMDAwMDAwMDAwMH19",
          "dependencies": [
            "aws_vpc.public-customer-vpc"
          ]
        }
      ]
    },
    {
      "mode": "managed",
      "type": "aws_route_table",
      "name": "tgwa_rt",
      "provider": "provider[\"registry.terraform.io/hashicorp/aws\"]",
      "instances": [
        {
          "index_key": 0,
          "schema_version": 0,
          "attributes": {
            "arn": "arn:aws:ec2:us-east-1:211125564317:route-table/rtb-0fcd19439fd5a7dbb",
            "id": "rtb-0fcd19439fd5a7dbb",
            "owner_id": "211125564317",
            "propagating_vgws": [],
            "route": [
              {
                "carrier_gateway_id": "",
                "cidr_block": "0.0.0.0/0",
                "core_network_arn": "",
                "destination_prefix_list_id": "",
                "egress_only_gateway_id": "",
                "gateway_id": "",
                "ipv6_cidr_block": "",
                "local_gateway_id": "",
                "nat_gateway_id": "",
                "network_interface_id": "",
                "transit_gateway_id": "",
                "vpc_endpoint_id": "vpce-09161d45bfd12871b",
                "vpc_peering_connection_id": ""
              }
            ],
            "tags": {
              "Name": "Inspection-VPC-TGWe-rt-us-east-1a"
            },
            "tags_all": {
              "Name": "Inspection-VPC-TGWe-rt-us-east-1a"
            },
            "timeouts": null,
            "vpc_id": "vpc-032b5217408dc6473"
          },
          "sensitive_attributes": [],
          "private": "eyJlMmJmYjczMC1lY2FhLTExZTYtOGY4OC0zNDM2M2JjN2M0YzAiOnsiY3JlYXRlIjozMDAwMDAwMDAwMDAsImRlbGV0ZSI6MzAwMDAwMDAwMDAwLCJ1cGRhdGUiOjEyMDAwMDAwMDAwMH19",
          "dependencies": [
            "aws_lb.gwlb",
            "aws_subnet.fw_data_subnet",
            "aws_subnet.gwlbe_subnet",
            "aws_vpc.ins_vpc",
            "aws_vpc_endpoint.gwlbe",
            "aws_vpc_endpoint_service.gwlb_es"
          ]
        },
        {
          "index_key": 1,
          "schema_version": 0,
          "attributes": {
            "arn": "arn:aws:ec2:us-east-1:211125564317:route-table/rtb-011593d5acc9f013d",
            "id": "rtb-011593d5acc9f013d",
            "owner_id": "211125564317",
            "propagating_vgws": [],
            "route": [
              {
                "carrier_gateway_id": "",
                "cidr_block": "0.0.0.0/0",
                "core_network_arn": "",
                "destination_prefix_list_id": "",
                "egress_only_gateway_id": "",
                "gateway_id": "",
                "ipv6_cidr_block": "",
                "local_gateway_id": "",
                "nat_gateway_id": "",
                "network_interface_id": "",
                "transit_gateway_id": "",
                "vpc_endpoint_id": "vpce-06c4b25ea0354b7ea",
                "vpc_peering_connection_id": ""
              }
            ],
            "tags": {
              "Name": "Inspection-VPC-TGWe-rt-us-east-1b"
            },
            "tags_all": {
              "Name": "Inspection-VPC-TGWe-rt-us-east-1b"
            },
            "timeouts": null,
            "vpc_id": "vpc-032b5217408dc6473"
          },
          "sensitive_attributes": [],
          "private": "eyJlMmJmYjczMC1lY2FhLTExZTYtOGY4OC0zNDM2M2JjN2M0YzAiOnsiY3JlYXRlIjozMDAwMDAwMDAwMDAsImRlbGV0ZSI6MzAwMDAwMDAwMDAwLCJ1cGRhdGUiOjEyMDAwMDAwMDAwMH19",
          "dependencies": [
            "aws_lb.gwlb",
            "aws_subnet.fw_data_subnet",
            "aws_subnet.gwlbe_subnet",
            "aws_vpc.ins_vpc",
            "aws_vpc_endpoint.gwlbe",
            "aws_vpc_endpoint_service.gwlb_es"
          ]
        }
      ]
    },
    {
      "mode": "managed",
      "type": "aws_route_table_association",
      "name": "csinternalassociateaz1",
      "provider": "provider[\"registry.terraform.io/hashicorp/aws\"]",
      "instances": [
        {
          "schema_version": 0,
          "attributes": {
            "gateway_id": "",
            "id": "rtbassoc-0f303d8de8dfcc9f5",
            "route_table_id": "rtb-0eeee0b72cfd4cfec",
            "subnet_id": "subnet-0b403fa6fe9b05942",
            "timeouts": null
          },
          "sensitive_attributes": [],
          "private": "eyJlMmJmYjczMC1lY2FhLTExZTYtOGY4OC0zNDM2M2JjN2M0YzAiOnsiY3JlYXRlIjozMDAwMDAwMDAwMDAsImRlbGV0ZSI6MzAwMDAwMDAwMDAwLCJ1cGRhdGUiOjEyMDAwMDAwMDAwMH19",
          "dependencies": [
            "aws_route_table.csprivatert",
            "aws_subnet.csprivatesubnetaz1",
            "aws_vpc.customer-vpc"
          ]
        }
      ]
    },
    {
      "mode": "managed",
      "type": "aws_route_table_association",
      "name": "csinternalassociateaz2",
      "provider": "provider[\"registry.terraform.io/hashicorp/aws\"]",
      "instances": [
        {
          "schema_version": 0,
          "attributes": {
            "gateway_id": "",
            "id": "rtbassoc-084f69de2cdf9b661",
            "route_table_id": "rtb-0eeee0b72cfd4cfec",
            "subnet_id": "subnet-0e4bb20cd78d0764b",
            "timeouts": null
          },
          "sensitive_attributes": [],
          "private": "eyJlMmJmYjczMC1lY2FhLTExZTYtOGY4OC0zNDM2M2JjN2M0YzAiOnsiY3JlYXRlIjozMDAwMDAwMDAwMDAsImRlbGV0ZSI6MzAwMDAwMDAwMDAwLCJ1cGRhdGUiOjEyMDAwMDAwMDAwMH19",
          "dependencies": [
            "aws_route_table.csprivatert",
            "aws_subnet.csprivatesubnetaz2",
            "aws_vpc.customer-vpc"
          ]
        }
      ]
    },
    {
      "mode": "managed",
      "type": "aws_route_table_association",
      "name": "fw_data_rt_1a_association",
      "provider": "provider[\"registry.terraform.io/hashicorp/aws\"]",
      "instances": [
        {
          "index_key": 0,
          "schema_version": 0,
          "attributes": {
            "gateway_id": "",
            "id": "rtbassoc-00e1fbfda0651e451",
            "route_table_id": "rtb-06492098e095d2045",
            "subnet_id": "subnet-0a5f2c795d7b196bb",
            "timeouts": null
          },
          "sensitive_attributes": [],
          "private": "eyJlMmJmYjczMC1lY2FhLTExZTYtOGY4OC0zNDM2M2JjN2M0YzAiOnsiY3JlYXRlIjozMDAwMDAwMDAwMDAsImRlbGV0ZSI6MzAwMDAwMDAwMDAwLCJ1cGRhdGUiOjEyMDAwMDAwMDAwMH19",
          "dependencies": [
            "aws_ec2_transit_gateway.osi-tgw",
            "aws_network_interface.fgt1eth1",
            "aws_route_table.fw_data_rt_1a",
            "aws_subnet.fw_data_subnet",
            "aws_vpc.ins_vpc"
          ]
        },
        {
          "index_key": 1,
          "schema_version": 0,
          "attributes": {
            "gateway_id": "",
            "id": "rtbassoc-00e1fbfda0651e451",
            "route_table_id": "rtb-06492098e095d2045",
            "subnet_id": "subnet-0a5f2c795d7b196bb",
            "timeouts": null
          },
          "sensitive_attributes": [],
          "private": "eyJlMmJmYjczMC1lY2FhLTExZTYtOGY4OC0zNDM2M2JjN2M0YzAiOnsiY3JlYXRlIjozMDAwMDAwMDAwMDAsImRlbGV0ZSI6MzAwMDAwMDAwMDAwLCJ1cGRhdGUiOjEyMDAwMDAwMDAwMH19",
          "dependencies": [
            "aws_ec2_transit_gateway.osi-tgw",
            "aws_network_interface.fgt1eth1",
            "aws_route_table.fw_data_rt_1a",
            "aws_subnet.fw_data_subnet",
            "aws_vpc.ins_vpc"
          ]
        }
      ]
    },
    {
      "mode": "managed",
      "type": "aws_route_table_association",
      "name": "fw_data_rt_1b_association",
      "provider": "provider[\"registry.terraform.io/hashicorp/aws\"]",
      "instances": [
        {
          "index_key": 0,
          "schema_version": 0,
          "attributes": {
            "gateway_id": "",
            "id": "rtbassoc-018ba0e8b848a969a",
            "route_table_id": "rtb-089e00d7051158d40",
            "subnet_id": "subnet-0aac207b120239374",
            "timeouts": null
          },
          "sensitive_attributes": [],
          "private": "eyJlMmJmYjczMC1lY2FhLTExZTYtOGY4OC0zNDM2M2JjN2M0YzAiOnsiY3JlYXRlIjozMDAwMDAwMDAwMDAsImRlbGV0ZSI6MzAwMDAwMDAwMDAwLCJ1cGRhdGUiOjEyMDAwMDAwMDAwMH19",
          "dependencies": [
            "aws_ec2_transit_gateway.osi-tgw",
            "aws_network_interface.fgt2eth1",
            "aws_route_table.fw_data_rt_1b",
            "aws_subnet.fw_data_subnet",
            "aws_vpc.ins_vpc"
          ]
        },
        {
          "index_key": 1,
          "schema_version": 0,
          "attributes": {
            "gateway_id": "",
            "id": "rtbassoc-018ba0e8b848a969a",
            "route_table_id": "rtb-089e00d7051158d40",
            "subnet_id": "subnet-0aac207b120239374",
            "timeouts": null
          },
          "sensitive_attributes": [],
          "private": "eyJlMmJmYjczMC1lY2FhLTExZTYtOGY4OC0zNDM2M2JjN2M0YzAiOnsiY3JlYXRlIjozMDAwMDAwMDAwMDAsImRlbGV0ZSI6MzAwMDAwMDAwMDAwLCJ1cGRhdGUiOjEyMDAwMDAwMDAwMH19",
          "dependencies": [
            "aws_ec2_transit_gateway.osi-tgw",
            "aws_network_interface.fgt2eth1",
            "aws_route_table.fw_data_rt_1b",
            "aws_subnet.fw_data_subnet",
            "aws_vpc.ins_vpc"
          ]
        }
      ]
    },
    {
      "mode": "managed",
      "type": "aws_route_table_association",
      "name": "fw_mgmt_rt_association",
      "provider": "provider[\"registry.terraform.io/hashicorp/aws\"]",
      "instances": [
        {
          "index_key": 0,
          "schema_version": 0,
          "attributes": {
            "gateway_id": "",
            "id": "rtbassoc-049b5cdf04f2c3fd5",
            "route_table_id": "rtb-0703452adf7d412c9",
            "subnet_id": "subnet-08e58a094d62f8dc0",
            "timeouts": null
          },
          "sensitive_attributes": [],
          "private": "eyJlMmJmYjczMC1lY2FhLTExZTYtOGY4OC0zNDM2M2JjN2M0YzAiOnsiY3JlYXRlIjozMDAwMDAwMDAwMDAsImRlbGV0ZSI6MzAwMDAwMDAwMDAwLCJ1cGRhdGUiOjEyMDAwMDAwMDAwMH19",
          "dependencies": [
            "aws_ec2_transit_gateway.osi-tgw",
            "aws_internet_gateway.igw",
            "aws_route_table.fw_mgmt_rt",
            "aws_subnet.fw_mgmt_subnet",
            "aws_vpc.ins_vpc"
          ]
        },
        {
          "index_key": 1,
          "schema_version": 0,
          "attributes": {
            "gateway_id": "",
            "id": "rtbassoc-01ade013152bed0c5",
            "route_table_id": "rtb-02805573532e6e371",
            "subnet_id": "subnet-0458a2024e33cf5d7",
            "timeouts": null
          },
          "sensitive_attributes": [],
          "private": "eyJlMmJmYjczMC1lY2FhLTExZTYtOGY4OC0zNDM2M2JjN2M0YzAiOnsiY3JlYXRlIjozMDAwMDAwMDAwMDAsImRlbGV0ZSI6MzAwMDAwMDAwMDAwLCJ1cGRhdGUiOjEyMDAwMDAwMDAwMH19",
          "dependencies": [
            "aws_ec2_transit_gateway.osi-tgw",
            "aws_internet_gateway.igw",
            "aws_route_table.fw_mgmt_rt",
            "aws_subnet.fw_mgmt_subnet",
            "aws_vpc.ins_vpc"
          ]
        }
      ]
    },
    {
      "mode": "managed",
      "type": "aws_route_table_association",
      "name": "gwlbe_rt_association",
      "provider": "provider[\"registry.terraform.io/hashicorp/aws\"]",
      "instances": [
        {
          "index_key": 0,
          "schema_version": 0,
          "attributes": {
            "gateway_id": "",
            "id": "rtbassoc-0c39179c2d07e5b4d",
            "route_table_id": "rtb-02db329849987b5b7",
            "subnet_id": "subnet-020317642f570f937",
            "timeouts": null
          },
          "sensitive_attributes": [],
          "private": "eyJlMmJmYjczMC1lY2FhLTExZTYtOGY4OC0zNDM2M2JjN2M0YzAiOnsiY3JlYXRlIjozMDAwMDAwMDAwMDAsImRlbGV0ZSI6MzAwMDAwMDAwMDAwLCJ1cGRhdGUiOjEyMDAwMDAwMDAwMH19",
          "dependencies": [
            "aws_ec2_transit_gateway.osi-tgw",
            "aws_eip.public_ip",
            "aws_nat_gateway.nat_gw",
            "aws_route_table.gwlbe_rt",
            "aws_subnet.gwlbe_subnet",
            "aws_subnet.natgw_subnet",
            "aws_vpc.ins_vpc"
          ]
        },
        {
          "index_key": 1,
          "schema_version": 0,
          "attributes": {
            "gateway_id": "",
            "id": "rtbassoc-07670d58f3fc90119",
            "route_table_id": "rtb-061fd43337af505b3",
            "subnet_id": "subnet-092700f3b0afdbded",
            "timeouts": null
          },
          "sensitive_attributes": [],
          "private": "eyJlMmJmYjczMC1lY2FhLTExZTYtOGY4OC0zNDM2M2JjN2M0YzAiOnsiY3JlYXRlIjozMDAwMDAwMDAwMDAsImRlbGV0ZSI6MzAwMDAwMDAwMDAwLCJ1cGRhdGUiOjEyMDAwMDAwMDAwMH19",
          "dependencies": [
            "aws_ec2_transit_gateway.osi-tgw",
            "aws_eip.public_ip",
            "aws_nat_gateway.nat_gw",
            "aws_route_table.gwlbe_rt",
            "aws_subnet.gwlbe_subnet",
            "aws_subnet.natgw_subnet",
            "aws_vpc.ins_vpc"
          ]
        }
      ]
    },
    {
      "mode": "managed",
      "type": "aws_route_table_association",
      "name": "natgw_rt_association",
      "provider": "provider[\"registry.terraform.io/hashicorp/aws\"]",
      "instances": [
        {
          "index_key": 0,
          "schema_version": 0,
          "attributes": {
            "gateway_id": "",
            "id": "rtbassoc-0395e99cc047d2632",
            "route_table_id": "rtb-0593d2869f5ff4312",
            "subnet_id": "subnet-0acef3233025dcb98",
            "timeouts": null
          },
          "sensitive_attributes": [],
          "private": "eyJlMmJmYjczMC1lY2FhLTExZTYtOGY4OC0zNDM2M2JjN2M0YzAiOnsiY3JlYXRlIjozMDAwMDAwMDAwMDAsImRlbGV0ZSI6MzAwMDAwMDAwMDAwLCJ1cGRhdGUiOjEyMDAwMDAwMDAwMH19",
          "dependencies": [
            "aws_internet_gateway.igw",
            "aws_lb.gwlb",
            "aws_route_table.natgw_rt",
            "aws_subnet.fw_data_subnet",
            "aws_subnet.gwlbe_subnet",
            "aws_subnet.natgw_subnet",
            "aws_vpc.ins_vpc",
            "aws_vpc_endpoint.gwlbe",
            "aws_vpc_endpoint_service.gwlb_es"
          ]
        },
        {
          "index_key": 1,
          "schema_version": 0,
          "attributes": {
            "gateway_id": "",
            "id": "rtbassoc-0a8438dfc0ade5903",
            "route_table_id": "rtb-02538a49d3e9ce5bb",
            "subnet_id": "subnet-0333fe6b10b348d72",
            "timeouts": null
          },
          "sensitive_attributes": [],
          "private": "eyJlMmJmYjczMC1lY2FhLTExZTYtOGY4OC0zNDM2M2JjN2M0YzAiOnsiY3JlYXRlIjozMDAwMDAwMDAwMDAsImRlbGV0ZSI6MzAwMDAwMDAwMDAwLCJ1cGRhdGUiOjEyMDAwMDAwMDAwMH19",
          "dependencies": [
            "aws_internet_gateway.igw",
            "aws_lb.gwlb",
            "aws_route_table.natgw_rt",
            "aws_subnet.fw_data_subnet",
            "aws_subnet.gwlbe_subnet",
            "aws_subnet.natgw_subnet",
            "aws_vpc.ins_vpc",
            "aws_vpc_endpoint.gwlbe",
            "aws_vpc_endpoint_service.gwlb_es"
          ]
        }
      ]
    },
    {
      "mode": "managed",
      "type": "aws_route_table_association",
      "name": "pvgwlbeassociateaz1",
      "provider": "provider[\"registry.terraform.io/hashicorp/aws\"]",
      "instances": [
        {
          "schema_version": 0,
          "attributes": {
            "gateway_id": "",
            "id": "rtbassoc-0a2e9a138897dc03b",
            "route_table_id": "rtb-0d13fe1c8109b9236",
            "subnet_id": "subnet-000bf55db20bbf017",
            "timeouts": null
          },
          "sensitive_attributes": [],
          "private": "eyJlMmJmYjczMC1lY2FhLTExZTYtOGY4OC0zNDM2M2JjN2M0YzAiOnsiY3JlYXRlIjozMDAwMDAwMDAwMDAsImRlbGV0ZSI6MzAwMDAwMDAwMDAwLCJ1cGRhdGUiOjEyMDAwMDAwMDAwMH19",
          "dependencies": [
            "aws_route_table.pv-gwlbeaz1-rt",
            "aws_subnet.pv-gwlbe-az1",
            "aws_vpc.public-customer-vpc"
          ]
        }
      ]
    },
    {
      "mode": "managed",
      "type": "aws_route_table_association",
      "name": "pvgwlbeassociateaz2",
      "provider": "provider[\"registry.terraform.io/hashicorp/aws\"]",
      "instances": [
        {
          "schema_version": 0,
          "attributes": {
            "gateway_id": "",
            "id": "rtbassoc-089723594da1223d2",
            "route_table_id": "rtb-05e67ab0715f0b21e",
            "subnet_id": "subnet-095ba1c66e935d2bf",
            "timeouts": null
          },
          "sensitive_attributes": [],
          "private": "eyJlMmJmYjczMC1lY2FhLTExZTYtOGY4OC0zNDM2M2JjN2M0YzAiOnsiY3JlYXRlIjozMDAwMDAwMDAwMDAsImRlbGV0ZSI6MzAwMDAwMDAwMDAwLCJ1cGRhdGUiOjEyMDAwMDAwMDAwMH19",
          "dependencies": [
            "aws_route_table.pv-gwlbeaz2-rt",
            "aws_subnet.pv-gwlbe-az2",
            "aws_vpc.public-customer-vpc"
          ]
        }
      ]
    },
    {
      "mode": "managed",
      "type": "aws_route_table_association",
      "name": "pvinternalassociateaz1",
      "provider": "provider[\"registry.terraform.io/hashicorp/aws\"]",
      "instances": [
        {
          "schema_version": 0,
          "attributes": {
            "gateway_id": "",
            "id": "rtbassoc-05a0109549adb288e",
            "route_table_id": "rtb-0cd1e44b3376bc69c",
            "subnet_id": "subnet-0b9b44c49b4658c87",
            "timeouts": null
          },
          "sensitive_attributes": [],
          "private": "eyJlMmJmYjczMC1lY2FhLTExZTYtOGY4OC0zNDM2M2JjN2M0YzAiOnsiY3JlYXRlIjozMDAwMDAwMDAwMDAsImRlbGV0ZSI6MzAwMDAwMDAwMDAwLCJ1cGRhdGUiOjEyMDAwMDAwMDAwMH19",
          "dependencies": [
            "aws_route_table.pv-privatert",
            "aws_subnet.pv-privatesubnetaz1",
            "aws_vpc.public-customer-vpc"
          ]
        }
      ]
    },
    {
      "mode": "managed",
      "type": "aws_route_table_association",
      "name": "pvinternalassociateaz2",
      "provider": "provider[\"registry.terraform.io/hashicorp/aws\"]",
      "instances": [
        {
          "schema_version": 0,
          "attributes": {
            "gateway_id": "",
            "id": "rtbassoc-0cd0cd4b80c303dcf",
            "route_table_id": "rtb-0cd1e44b3376bc69c",
            "subnet_id": "subnet-0cb555e1cbae23bd3",
            "timeouts": null
          },
          "sensitive_attributes": [],
          "private": "eyJlMmJmYjczMC1lY2FhLTExZTYtOGY4OC0zNDM2M2JjN2M0YzAiOnsiY3JlYXRlIjozMDAwMDAwMDAwMDAsImRlbGV0ZSI6MzAwMDAwMDAwMDAwLCJ1cGRhdGUiOjEyMDAwMDAwMDAwMH19",
          "dependencies": [
            "aws_route_table.pv-privatert",
            "aws_subnet.pv-privatesubnetaz2",
            "aws_vpc.public-customer-vpc"
          ]
        }
      ]
    },
    {
      "mode": "managed",
      "type": "aws_route_table_association",
      "name": "pvpubassociateaz1",
      "provider": "provider[\"registry.terraform.io/hashicorp/aws\"]",
      "instances": [
        {
          "schema_version": 0,
          "attributes": {
            "gateway_id": "",
            "id": "rtbassoc-091ff3356eb471d4e",
            "route_table_id": "rtb-0a13b6efd6baa0364",
            "subnet_id": "subnet-0783610b6fb0e1d16",
            "timeouts": null
          },
          "sensitive_attributes": [],
          "private": "eyJlMmJmYjczMC1lY2FhLTExZTYtOGY4OC0zNDM2M2JjN2M0YzAiOnsiY3JlYXRlIjozMDAwMDAwMDAwMDAsImRlbGV0ZSI6MzAwMDAwMDAwMDAwLCJ1cGRhdGUiOjEyMDAwMDAwMDAwMH19",
          "dependencies": [
            "aws_route_table.pv-publicrtaz1",
            "aws_subnet.pv-publicsubnetaz1",
            "aws_vpc.public-customer-vpc"
          ]
        }
      ]
    },
    {
      "mode": "managed",
      "type": "aws_route_table_association",
      "name": "pvpubassociateaz2",
      "provider": "provider[\"registry.terraform.io/hashicorp/aws\"]",
      "instances": [
        {
          "schema_version": 0,
          "attributes": {
            "gateway_id": "",
            "id": "rtbassoc-01f34973430061694",
            "route_table_id": "rtb-0c40b54927d0ba89f",
            "subnet_id": "subnet-0b3ffeead29fbefbc",
            "timeouts": null
          },
          "sensitive_attributes": [],
          "private": "eyJlMmJmYjczMC1lY2FhLTExZTYtOGY4OC0zNDM2M2JjN2M0YzAiOnsiY3JlYXRlIjozMDAwMDAwMDAwMDAsImRlbGV0ZSI6MzAwMDAwMDAwMDAwLCJ1cGRhdGUiOjEyMDAwMDAwMDAwMH19",
          "dependencies": [
            "aws_route_table.pv-publicrtaz2",
            "aws_subnet.pv-publicsubnetaz2",
            "aws_vpc.public-customer-vpc"
          ]
        }
      ]
    },
    {
      "mode": "managed",
      "type": "aws_route_table_association",
      "name": "pvpublicassociate",
      "provider": "provider[\"registry.terraform.io/hashicorp/aws\"]",
      "instances": [
        {
          "schema_version": 0,
          "attributes": {
            "gateway_id": "igw-094be6cab9163ef78",
            "id": "rtbassoc-09202eb124c8c1082",
            "route_table_id": "rtb-033cf6551323e189a",
            "subnet_id": "",
            "timeouts": null
          },
          "sensitive_attributes": [],
          "private": "eyJlMmJmYjczMC1lY2FhLTExZTYtOGY4OC0zNDM2M2JjN2M0YzAiOnsiY3JlYXRlIjozMDAwMDAwMDAwMDAsImRlbGV0ZSI6MzAwMDAwMDAwMDAwLCJ1cGRhdGUiOjEyMDAwMDAwMDAwMH19",
          "dependencies": [
            "aws_internet_gateway.pvigw",
            "aws_route_table.pv-publicrt",
            "aws_vpc.public-customer-vpc"
          ]
        }
      ]
    },
    {
      "mode": "managed",
      "type": "aws_route_table_association",
      "name": "tgwa_rt_association",
      "provider": "provider[\"registry.terraform.io/hashicorp/aws\"]",
      "instances": [
        {
          "index_key": 0,
          "schema_version": 0,
          "attributes": {
            "gateway_id": "",
            "id": "rtbassoc-0d84e88bda83ab964",
            "route_table_id": "rtb-0fcd19439fd5a7dbb",
            "subnet_id": "subnet-079277b8cf80180d7",
            "timeouts": null
          },
          "sensitive_attributes": [],
          "private": "eyJlMmJmYjczMC1lY2FhLTExZTYtOGY4OC0zNDM2M2JjN2M0YzAiOnsiY3JlYXRlIjozMDAwMDAwMDAwMDAsImRlbGV0ZSI6MzAwMDAwMDAwMDAwLCJ1cGRhdGUiOjEyMDAwMDAwMDAwMH19",
          "dependencies": [
            "aws_lb.gwlb",
            "aws_route_table.tgwa_rt",
            "aws_subnet.fw_data_subnet",
            "aws_subnet.gwlbe_subnet",
            "aws_subnet.tgw_subnet",
            "aws_vpc.ins_vpc",
            "aws_vpc_endpoint.gwlbe",
            "aws_vpc_endpoint_service.gwlb_es"
          ]
        },
        {
          "index_key": 1,
          "schema_version": 0,
          "attributes": {
            "gateway_id": "",
            "id": "rtbassoc-0eb0edd71c5b80434",
            "route_table_id": "rtb-011593d5acc9f013d",
            "subnet_id": "subnet-03bd76df2cd1845bc",
            "timeouts": null
          },
          "sensitive_attributes": [],
          "private": "eyJlMmJmYjczMC1lY2FhLTExZTYtOGY4OC0zNDM2M2JjN2M0YzAiOnsiY3JlYXRlIjozMDAwMDAwMDAwMDAsImRlbGV0ZSI6MzAwMDAwMDAwMDAwLCJ1cGRhdGUiOjEyMDAwMDAwMDAwMH19",
          "dependencies": [
            "aws_lb.gwlb",
            "aws_route_table.tgwa_rt",
            "aws_subnet.fw_data_subnet",
            "aws_subnet.gwlbe_subnet",
            "aws_subnet.tgw_subnet",
            "aws_vpc.ins_vpc",
            "aws_vpc_endpoint.gwlbe",
            "aws_vpc_endpoint_service.gwlb_es"
          ]
        }
      ]
    },
    {
      "mode": "managed",
      "type": "aws_security_group",
      "name": "fw-data-sg",
      "provider": "provider[\"registry.terraform.io/hashicorp/aws\"]",
      "instances": [
        {
          "schema_version": 1,
          "attributes": {
            "arn": "arn:aws:ec2:us-east-1:211125564317:security-group/sg-079091f378fbef90d",
            "description": "Controls traffic to Fortigate Firewall Data ENI",
            "egress": [
              {
                "cidr_blocks": [
                  "0.0.0.0/0"
                ],
                "description": "",
                "from_port": 0,
                "ipv6_cidr_blocks": [],
                "prefix_list_ids": [],
                "protocol": "-1",
                "security_groups": [],
                "self": false,
                "to_port": 0
              }
            ],
            "id": "sg-079091f378fbef90d",
            "ingress": [
              {
                "cidr_blocks": [
                  "10.1.0.0/24",
                  "10.1.1.0/24"
                ],
                "description": "",
                "from_port": -1,
                "ipv6_cidr_blocks": [],
                "prefix_list_ids": [],
                "protocol": "icmp",
                "security_groups": [],
                "self": false,
                "to_port": -1
              },
              {
                "cidr_blocks": [
                  "10.1.0.0/24",
                  "10.1.1.0/24"
                ],
                "description": "",
                "from_port": 443,
                "ipv6_cidr_blocks": [],
                "prefix_list_ids": [],
                "protocol": "tcp",
                "security_groups": [],
                "self": false,
                "to_port": 443
              },
              {
                "cidr_blocks": [
                  "10.1.0.0/24",
                  "10.1.1.0/24"
                ],
                "description": "",
                "from_port": 6081,
                "ipv6_cidr_blocks": [],
                "prefix_list_ids": [],
                "protocol": "udp",
                "security_groups": [],
                "self": false,
                "to_port": 6081
              }
            ],
            "name": "Inspection-VPC-fw-data-sg",
            "name_prefix": "",
            "owner_id": "211125564317",
            "revoke_rules_on_delete": false,
            "tags": {
              "Name": "Inspection-VPC-fw-data-sg"
            },
            "tags_all": {
              "Name": "Inspection-VPC-fw-data-sg"
            },
            "timeouts": null,
            "vpc_id": "vpc-032b5217408dc6473"
          },
          "sensitive_attributes": [],
          "private": "eyJlMmJmYjczMC1lY2FhLTExZTYtOGY4OC0zNDM2M2JjN2M0YzAiOnsiY3JlYXRlIjo2MDAwMDAwMDAwMDAsImRlbGV0ZSI6OTAwMDAwMDAwMDAwfSwic2NoZW1hX3ZlcnNpb24iOiIxIn0=",
          "dependencies": [
            "aws_vpc.ins_vpc"
          ]
        }
      ]
    },
    {
      "mode": "managed",
      "type": "aws_security_group",
      "name": "fw-mgmt-sg",
      "provider": "provider[\"registry.terraform.io/hashicorp/aws\"]",
      "instances": [
        {
          "schema_version": 1,
          "attributes": {
            "arn": "arn:aws:ec2:us-east-1:211125564317:security-group/sg-0f6ca3045c9e357b3",
            "description": "Controls traffic to Fortigate Firewall MGMT ENI",
            "egress": [
              {
                "cidr_blocks": [
                  "0.0.0.0/0"
                ],
                "description": "",
                "from_port": 0,
                "ipv6_cidr_blocks": [],
                "prefix_list_ids": [],
                "protocol": "-1",
                "security_groups": [],
                "self": false,
                "to_port": 0
              }
            ],
            "id": "sg-0f6ca3045c9e357b3",
            "ingress": [
              {
                "cidr_blocks": [
                  "0.0.0.0/0"
                ],
                "description": "",
                "from_port": 0,
                "ipv6_cidr_blocks": [],
                "prefix_list_ids": [],
                "protocol": "-1",
                "security_groups": [],
                "self": false,
                "to_port": 0
              }
            ],
            "name": "Inspection-VPC-fw-mgmt-sg",
            "name_prefix": "",
            "owner_id": "211125564317",
            "revoke_rules_on_delete": false,
            "tags": {
              "Name": "Inspection-VPC-fw-mgmt-sg"
            },
            "tags_all": {
              "Name": "Inspection-VPC-fw-mgmt-sg"
            },
            "timeouts": null,
            "vpc_id": "vpc-032b5217408dc6473"
          },
          "sensitive_attributes": [],
          "private": "eyJlMmJmYjczMC1lY2FhLTExZTYtOGY4OC0zNDM2M2JjN2M0YzAiOnsiY3JlYXRlIjo2MDAwMDAwMDAwMDAsImRlbGV0ZSI6OTAwMDAwMDAwMDAwfSwic2NoZW1hX3ZlcnNpb24iOiIxIn0=",
          "dependencies": [
            "aws_vpc.ins_vpc"
          ]
        }
      ]
    },
    {
      "mode": "managed",
      "type": "aws_subnet",
      "name": "csprivatesubnetaz1",
      "provider": "provider[\"registry.terraform.io/hashicorp/aws\"]",
      "instances": [
        {
          "schema_version": 1,
          "attributes": {
            "arn": "arn:aws:ec2:us-east-1:211125564317:subnet/subnet-0b403fa6fe9b05942",
            "assign_ipv6_address_on_creation": false,
            "availability_zone": "us-east-1a",
            "availability_zone_id": "use1-az4",
            "cidr_block": "20.1.1.0/24",
            "customer_owned_ipv4_pool": "",
            "enable_dns64": false,
            "enable_lni_at_device_index": 0,
            "enable_resource_name_dns_a_record_on_launch": false,
            "enable_resource_name_dns_aaaa_record_on_launch": false,
            "id": "subnet-0b403fa6fe9b05942",
            "ipv6_cidr_block": "",
            "ipv6_cidr_block_association_id": "",
            "ipv6_native": false,
            "map_customer_owned_ip_on_launch": false,
            "map_public_ip_on_launch": false,
            "outpost_arn": "",
            "owner_id": "211125564317",
            "private_dns_hostname_type_on_launch": "ip-name",
            "tags": {
              "Name": "Share-Service private subnet az1"
            },
            "tags_all": {
              "Name": "Share-Service private subnet az1"
            },
            "timeouts": null,
            "vpc_id": "vpc-050a981762cbabc6f"
          },
          "sensitive_attributes": [],
          "private": "eyJlMmJmYjczMC1lY2FhLTExZTYtOGY4OC0zNDM2M2JjN2M0YzAiOnsiY3JlYXRlIjo2MDAwMDAwMDAwMDAsImRlbGV0ZSI6MTIwMDAwMDAwMDAwMH0sInNjaGVtYV92ZXJzaW9uIjoiMSJ9",
          "dependencies": [
            "aws_vpc.customer-vpc"
          ]
        }
      ]
    },
    {
      "mode": "managed",
      "type": "aws_subnet",
      "name": "csprivatesubnetaz2",
      "provider": "provider[\"registry.terraform.io/hashicorp/aws\"]",
      "instances": [
        {
          "schema_version": 1,
          "attributes": {
            "arn": "arn:aws:ec2:us-east-1:211125564317:subnet/subnet-0e4bb20cd78d0764b",
            "assign_ipv6_address_on_creation": false,
            "availability_zone": "us-east-1b",
            "availability_zone_id": "use1-az6",
            "cidr_block": "20.1.3.0/24",
            "customer_owned_ipv4_pool": "",
            "enable_dns64": false,
            "enable_lni_at_device_index": 0,
            "enable_resource_name_dns_a_record_on_launch": false,
            "enable_resource_name_dns_aaaa_record_on_launch": false,
            "id": "subnet-0e4bb20cd78d0764b",
            "ipv6_cidr_block": "",
            "ipv6_cidr_block_association_id": "",
            "ipv6_native": false,
            "map_customer_owned_ip_on_launch": false,
            "map_public_ip_on_launch": false,
            "outpost_arn": "",
            "owner_id": "211125564317",
            "private_dns_hostname_type_on_launch": "ip-name",
            "tags": {
              "Name": "Share-Service private subnet az2"
            },
            "tags_all": {
              "Name": "Share-Service private subnet az2"
            },
            "timeouts": null,
            "vpc_id": "vpc-050a981762cbabc6f"
          },
          "sensitive_attributes": [],
          "private": "eyJlMmJmYjczMC1lY2FhLTExZTYtOGY4OC0zNDM2M2JjN2M0YzAiOnsiY3JlYXRlIjo2MDAwMDAwMDAwMDAsImRlbGV0ZSI6MTIwMDAwMDAwMDAwMH0sInNjaGVtYV92ZXJzaW9uIjoiMSJ9",
          "dependencies": [
            "aws_vpc.customer-vpc"
          ]
        }
      ]
    },
    {
      "mode": "managed",
      "type": "aws_subnet",
      "name": "fw_data_subnet",
      "provider": "provider[\"registry.terraform.io/hashicorp/aws\"]",
      "instances": [
        {
          "index_key": 0,
          "schema_version": 1,
          "attributes": {
            "arn": "arn:aws:ec2:us-east-1:211125564317:subnet/subnet-0a5f2c795d7b196bb",
            "assign_ipv6_address_on_creation": false,
            "availability_zone": "us-east-1a",
            "availability_zone_id": "use1-az4",
            "cidr_block": "10.1.0.0/24",
            "customer_owned_ipv4_pool": "",
            "enable_dns64": false,
            "enable_lni_at_device_index": 0,
            "enable_resource_name_dns_a_record_on_launch": false,
            "enable_resource_name_dns_aaaa_record_on_launch": false,
            "id": "subnet-0a5f2c795d7b196bb",
            "ipv6_cidr_block": "",
            "ipv6_cidr_block_association_id": "",
            "ipv6_native": false,
            "map_customer_owned_ip_on_launch": false,
            "map_public_ip_on_launch": false,
            "outpost_arn": "",
            "owner_id": "211125564317",
            "private_dns_hostname_type_on_launch": "ip-name",
            "tags": {
              "Name": "Inspection-VPC-fw-data-us-east-1a-private-sn",
              "Tier": "private"
            },
            "tags_all": {
              "Name": "Inspection-VPC-fw-data-us-east-1a-private-sn",
              "Tier": "private"
            },
            "timeouts": null,
            "vpc_id": "vpc-032b5217408dc6473"
          },
          "sensitive_attributes": [],
          "private": "eyJlMmJmYjczMC1lY2FhLTExZTYtOGY4OC0zNDM2M2JjN2M0YzAiOnsiY3JlYXRlIjo2MDAwMDAwMDAwMDAsImRlbGV0ZSI6MTIwMDAwMDAwMDAwMH0sInNjaGVtYV92ZXJzaW9uIjoiMSJ9",
          "dependencies": [
            "aws_vpc.ins_vpc"
          ],
          "create_before_destroy": true
        },
        {
          "index_key": 1,
          "schema_version": 1,
          "attributes": {
            "arn": "arn:aws:ec2:us-east-1:211125564317:subnet/subnet-0aac207b120239374",
            "assign_ipv6_address_on_creation": false,
            "availability_zone": "us-east-1b",
            "availability_zone_id": "use1-az6",
            "cidr_block": "10.1.1.0/24",
            "customer_owned_ipv4_pool": "",
            "enable_dns64": false,
            "enable_lni_at_device_index": 0,
            "enable_resource_name_dns_a_record_on_launch": false,
            "enable_resource_name_dns_aaaa_record_on_launch": false,
            "id": "subnet-0aac207b120239374",
            "ipv6_cidr_block": "",
            "ipv6_cidr_block_association_id": "",
            "ipv6_native": false,
            "map_customer_owned_ip_on_launch": false,
            "map_public_ip_on_launch": false,
            "outpost_arn": "",
            "owner_id": "211125564317",
            "private_dns_hostname_type_on_launch": "ip-name",
            "tags": {
              "Name": "Inspection-VPC-fw-data-us-east-1b-private-sn",
              "Tier": "private"
            },
            "tags_all": {
              "Name": "Inspection-VPC-fw-data-us-east-1b-private-sn",
              "Tier": "private"
            },
            "timeouts": null,
            "vpc_id": "vpc-032b5217408dc6473"
          },
          "sensitive_attributes": [],
          "private": "eyJlMmJmYjczMC1lY2FhLTExZTYtOGY4OC0zNDM2M2JjN2M0YzAiOnsiY3JlYXRlIjo2MDAwMDAwMDAwMDAsImRlbGV0ZSI6MTIwMDAwMDAwMDAwMH0sInNjaGVtYV92ZXJzaW9uIjoiMSJ9",
          "dependencies": [
            "aws_vpc.ins_vpc"
          ],
          "create_before_destroy": true
        }
      ]
    },
    {
      "mode": "managed",
      "type": "aws_subnet",
      "name": "fw_mgmt_subnet",
      "provider": "provider[\"registry.terraform.io/hashicorp/aws\"]",
      "instances": [
        {
          "index_key": 0,
          "schema_version": 1,
          "attributes": {
            "arn": "arn:aws:ec2:us-east-1:211125564317:subnet/subnet-08e58a094d62f8dc0",
            "assign_ipv6_address_on_creation": false,
            "availability_zone": "us-east-1a",
            "availability_zone_id": "use1-az4",
            "cidr_block": "10.1.2.0/27",
            "customer_owned_ipv4_pool": "",
            "enable_dns64": false,
            "enable_lni_at_device_index": 0,
            "enable_resource_name_dns_a_record_on_launch": false,
            "enable_resource_name_dns_aaaa_record_on_launch": false,
            "id": "subnet-08e58a094d62f8dc0",
            "ipv6_cidr_block": "",
            "ipv6_cidr_block_association_id": "",
            "ipv6_native": false,
            "map_customer_owned_ip_on_launch": false,
            "map_public_ip_on_launch": false,
            "outpost_arn": "",
            "owner_id": "211125564317",
            "private_dns_hostname_type_on_launch": "ip-name",
            "tags": {
              "Name": "Inspection-VPC-fw-mgmt-us-east-1a-private-sn",
              "Tier": "private"
            },
            "tags_all": {
              "Name": "Inspection-VPC-fw-mgmt-us-east-1a-private-sn",
              "Tier": "private"
            },
            "timeouts": null,
            "vpc_id": "vpc-032b5217408dc6473"
          },
          "sensitive_attributes": [],
          "private": "eyJlMmJmYjczMC1lY2FhLTExZTYtOGY4OC0zNDM2M2JjN2M0YzAiOnsiY3JlYXRlIjo2MDAwMDAwMDAwMDAsImRlbGV0ZSI6MTIwMDAwMDAwMDAwMH0sInNjaGVtYV92ZXJzaW9uIjoiMSJ9",
          "dependencies": [
            "aws_vpc.ins_vpc"
          ],
          "create_before_destroy": true
        },
        {
          "index_key": 1,
          "schema_version": 1,
          "attributes": {
            "arn": "arn:aws:ec2:us-east-1:211125564317:subnet/subnet-0458a2024e33cf5d7",
            "assign_ipv6_address_on_creation": false,
            "availability_zone": "us-east-1b",
            "availability_zone_id": "use1-az6",
            "cidr_block": "10.1.3.0/27",
            "customer_owned_ipv4_pool": "",
            "enable_dns64": false,
            "enable_lni_at_device_index": 0,
            "enable_resource_name_dns_a_record_on_launch": false,
            "enable_resource_name_dns_aaaa_record_on_launch": false,
            "id": "subnet-0458a2024e33cf5d7",
            "ipv6_cidr_block": "",
            "ipv6_cidr_block_association_id": "",
            "ipv6_native": false,
            "map_customer_owned_ip_on_launch": false,
            "map_public_ip_on_launch": false,
            "outpost_arn": "",
            "owner_id": "211125564317",
            "private_dns_hostname_type_on_launch": "ip-name",
            "tags": {
              "Name": "Inspection-VPC-fw-mgmt-us-east-1b-private-sn",
              "Tier": "private"
            },
            "tags_all": {
              "Name": "Inspection-VPC-fw-mgmt-us-east-1b-private-sn",
              "Tier": "private"
            },
            "timeouts": null,
            "vpc_id": "vpc-032b5217408dc6473"
          },
          "sensitive_attributes": [],
          "private": "eyJlMmJmYjczMC1lY2FhLTExZTYtOGY4OC0zNDM2M2JjN2M0YzAiOnsiY3JlYXRlIjo2MDAwMDAwMDAwMDAsImRlbGV0ZSI6MTIwMDAwMDAwMDAwMH0sInNjaGVtYV92ZXJzaW9uIjoiMSJ9",
          "dependencies": [
            "aws_vpc.ins_vpc"
          ],
          "create_before_destroy": true
        }
      ]
    },
    {
      "mode": "managed",
      "type": "aws_subnet",
      "name": "gwlbe_subnet",
      "provider": "provider[\"registry.terraform.io/hashicorp/aws\"]",
      "instances": [
        {
          "index_key": 0,
          "schema_version": 1,
          "attributes": {
            "arn": "arn:aws:ec2:us-east-1:211125564317:subnet/subnet-020317642f570f937",
            "assign_ipv6_address_on_creation": false,
            "availability_zone": "us-east-1a",
            "availability_zone_id": "use1-az4",
            "cidr_block": "10.1.2.48/28",
            "customer_owned_ipv4_pool": "",
            "enable_dns64": false,
            "enable_lni_at_device_index": 0,
            "enable_resource_name_dns_a_record_on_launch": false,
            "enable_resource_name_dns_aaaa_record_on_launch": false,
            "id": "subnet-020317642f570f937",
            "ipv6_cidr_block": "",
            "ipv6_cidr_block_association_id": "",
            "ipv6_native": false,
            "map_customer_owned_ip_on_launch": false,
            "map_public_ip_on_launch": false,
            "outpost_arn": "",
            "owner_id": "211125564317",
            "private_dns_hostname_type_on_launch": "ip-name",
            "tags": {
              "Name": "Inspection-VPC-gwlbe-us-east-1a-private-sn",
              "Tier": "private"
            },
            "tags_all": {
              "Name": "Inspection-VPC-gwlbe-us-east-1a-private-sn",
              "Tier": "private"
            },
            "timeouts": null,
            "vpc_id": "vpc-032b5217408dc6473"
          },
          "sensitive_attributes": [],
          "private": "eyJlMmJmYjczMC1lY2FhLTExZTYtOGY4OC0zNDM2M2JjN2M0YzAiOnsiY3JlYXRlIjo2MDAwMDAwMDAwMDAsImRlbGV0ZSI6MTIwMDAwMDAwMDAwMH0sInNjaGVtYV92ZXJzaW9uIjoiMSJ9",
          "dependencies": [
            "aws_vpc.ins_vpc"
          ],
          "create_before_destroy": true
        },
        {
          "index_key": 1,
          "schema_version": 1,
          "attributes": {
            "arn": "arn:aws:ec2:us-east-1:211125564317:subnet/subnet-092700f3b0afdbded",
            "assign_ipv6_address_on_creation": false,
            "availability_zone": "us-east-1b",
            "availability_zone_id": "use1-az6",
            "cidr_block": "10.1.3.48/28",
            "customer_owned_ipv4_pool": "",
            "enable_dns64": false,
            "enable_lni_at_device_index": 0,
            "enable_resource_name_dns_a_record_on_launch": false,
            "enable_resource_name_dns_aaaa_record_on_launch": false,
            "id": "subnet-092700f3b0afdbded",
            "ipv6_cidr_block": "",
            "ipv6_cidr_block_association_id": "",
            "ipv6_native": false,
            "map_customer_owned_ip_on_launch": false,
            "map_public_ip_on_launch": false,
            "outpost_arn": "",
            "owner_id": "211125564317",
            "private_dns_hostname_type_on_launch": "ip-name",
            "tags": {
              "Name": "Inspection-VPC-gwlbe-us-east-1b-private-sn",
              "Tier": "private"
            },
            "tags_all": {
              "Name": "Inspection-VPC-gwlbe-us-east-1b-private-sn",
              "Tier": "private"
            },
            "timeouts": null,
            "vpc_id": "vpc-032b5217408dc6473"
          },
          "sensitive_attributes": [],
          "private": "eyJlMmJmYjczMC1lY2FhLTExZTYtOGY4OC0zNDM2M2JjN2M0YzAiOnsiY3JlYXRlIjo2MDAwMDAwMDAwMDAsImRlbGV0ZSI6MTIwMDAwMDAwMDAwMH0sInNjaGVtYV92ZXJzaW9uIjoiMSJ9",
          "dependencies": [
            "aws_vpc.ins_vpc"
          ],
          "create_before_destroy": true
        }
      ]
    },
    {
      "mode": "managed",
      "type": "aws_subnet",
      "name": "natgw_subnet",
      "provider": "provider[\"registry.terraform.io/hashicorp/aws\"]",
      "instances": [
        {
          "index_key": 0,
          "schema_version": 1,
          "attributes": {
            "arn": "arn:aws:ec2:us-east-1:211125564317:subnet/subnet-0acef3233025dcb98",
            "assign_ipv6_address_on_creation": false,
            "availability_zone": "us-east-1a",
            "availability_zone_id": "use1-az4",
            "cidr_block": "10.1.2.32/28",
            "customer_owned_ipv4_pool": "",
            "enable_dns64": false,
            "enable_lni_at_device_index": 0,
            "enable_resource_name_dns_a_record_on_launch": false,
            "enable_resource_name_dns_aaaa_record_on_launch": false,
            "id": "subnet-0acef3233025dcb98",
            "ipv6_cidr_block": "",
            "ipv6_cidr_block_association_id": "",
            "ipv6_native": false,
            "map_customer_owned_ip_on_launch": false,
            "map_public_ip_on_launch": false,
            "outpost_arn": "",
            "owner_id": "211125564317",
            "private_dns_hostname_type_on_launch": "ip-name",
            "tags": {
              "Name": "Inspection-VPC-natgw-us-east-1a-public-sn",
              "Tier": "public"
            },
            "tags_all": {
              "Name": "Inspection-VPC-natgw-us-east-1a-public-sn",
              "Tier": "public"
            },
            "timeouts": null,
            "vpc_id": "vpc-032b5217408dc6473"
          },
          "sensitive_attributes": [],
          "private": "eyJlMmJmYjczMC1lY2FhLTExZTYtOGY4OC0zNDM2M2JjN2M0YzAiOnsiY3JlYXRlIjo2MDAwMDAwMDAwMDAsImRlbGV0ZSI6MTIwMDAwMDAwMDAwMH0sInNjaGVtYV92ZXJzaW9uIjoiMSJ9",
          "dependencies": [
            "aws_vpc.ins_vpc"
          ],
          "create_before_destroy": true
        },
        {
          "index_key": 1,
          "schema_version": 1,
          "attributes": {
            "arn": "arn:aws:ec2:us-east-1:211125564317:subnet/subnet-0333fe6b10b348d72",
            "assign_ipv6_address_on_creation": false,
            "availability_zone": "us-east-1b",
            "availability_zone_id": "use1-az6",
            "cidr_block": "10.1.3.32/28",
            "customer_owned_ipv4_pool": "",
            "enable_dns64": false,
            "enable_lni_at_device_index": 0,
            "enable_resource_name_dns_a_record_on_launch": false,
            "enable_resource_name_dns_aaaa_record_on_launch": false,
            "id": "subnet-0333fe6b10b348d72",
            "ipv6_cidr_block": "",
            "ipv6_cidr_block_association_id": "",
            "ipv6_native": false,
            "map_customer_owned_ip_on_launch": false,
            "map_public_ip_on_launch": false,
            "outpost_arn": "",
            "owner_id": "211125564317",
            "private_dns_hostname_type_on_launch": "ip-name",
            "tags": {
              "Name": "Inspection-VPC-natgw-us-east-1b-public-sn",
              "Tier": "public"
            },
            "tags_all": {
              "Name": "Inspection-VPC-natgw-us-east-1b-public-sn",
              "Tier": "public"
            },
            "timeouts": null,
            "vpc_id": "vpc-032b5217408dc6473"
          },
          "sensitive_attributes": [],
          "private": "eyJlMmJmYjczMC1lY2FhLTExZTYtOGY4OC0zNDM2M2JjN2M0YzAiOnsiY3JlYXRlIjo2MDAwMDAwMDAwMDAsImRlbGV0ZSI6MTIwMDAwMDAwMDAwMH0sInNjaGVtYV92ZXJzaW9uIjoiMSJ9",
          "dependencies": [
            "aws_vpc.ins_vpc"
          ],
          "create_before_destroy": true
        }
      ]
    },
    {
      "mode": "managed",
      "type": "aws_subnet",
      "name": "pv-gwlbe-az1",
      "provider": "provider[\"registry.terraform.io/hashicorp/aws\"]",
      "instances": [
        {
          "schema_version": 1,
          "attributes": {
            "arn": "arn:aws:ec2:us-east-1:211125564317:subnet/subnet-000bf55db20bbf017",
            "assign_ipv6_address_on_creation": false,
            "availability_zone": "us-east-1a",
            "availability_zone_id": "use1-az4",
            "cidr_block": "20.2.128.0/28",
            "customer_owned_ipv4_pool": "",
            "enable_dns64": false,
            "enable_lni_at_device_index": 0,
            "enable_resource_name_dns_a_record_on_launch": false,
            "enable_resource_name_dns_aaaa_record_on_launch": false,
            "id": "subnet-000bf55db20bbf017",
            "ipv6_cidr_block": "",
            "ipv6_cidr_block_association_id": "",
            "ipv6_native": false,
            "map_customer_owned_ip_on_launch": false,
            "map_public_ip_on_launch": false,
            "outpost_arn": "",
            "owner_id": "211125564317",
            "private_dns_hostname_type_on_launch": "ip-name",
            "tags": {
              "Name": "Workload gwlbe subnet az1"
            },
            "tags_all": {
              "Name": "Workload gwlbe subnet az1"
            },
            "timeouts": null,
            "vpc_id": "vpc-02f4245242fcf3b67"
          },
          "sensitive_attributes": [],
          "private": "eyJlMmJmYjczMC1lY2FhLTExZTYtOGY4OC0zNDM2M2JjN2M0YzAiOnsiY3JlYXRlIjo2MDAwMDAwMDAwMDAsImRlbGV0ZSI6MTIwMDAwMDAwMDAwMH0sInNjaGVtYV92ZXJzaW9uIjoiMSJ9",
          "dependencies": [
            "aws_vpc.public-customer-vpc"
          ]
        }
      ]
    },
    {
      "mode": "managed",
      "type": "aws_subnet",
      "name": "pv-gwlbe-az2",
      "provider": "provider[\"registry.terraform.io/hashicorp/aws\"]",
      "instances": [
        {
          "schema_version": 1,
          "attributes": {
            "arn": "arn:aws:ec2:us-east-1:211125564317:subnet/subnet-095ba1c66e935d2bf",
            "assign_ipv6_address_on_creation": false,
            "availability_zone": "us-east-1b",
            "availability_zone_id": "use1-az6",
            "cidr_block": "20.2.128.16/28",
            "customer_owned_ipv4_pool": "",
            "enable_dns64": false,
            "enable_lni_at_device_index": 0,
            "enable_resource_name_dns_a_record_on_launch": false,
            "enable_resource_name_dns_aaaa_record_on_launch": false,
            "id": "subnet-095ba1c66e935d2bf",
            "ipv6_cidr_block": "",
            "ipv6_cidr_block_association_id": "",
            "ipv6_native": false,
            "map_customer_owned_ip_on_launch": false,
            "map_public_ip_on_launch": false,
            "outpost_arn": "",
            "owner_id": "211125564317",
            "private_dns_hostname_type_on_launch": "ip-name",
            "tags": {
              "Name": "Workload gwlbe subnet az2"
            },
            "tags_all": {
              "Name": "Workload gwlbe subnet az2"
            },
            "timeouts": null,
            "vpc_id": "vpc-02f4245242fcf3b67"
          },
          "sensitive_attributes": [],
          "private": "eyJlMmJmYjczMC1lY2FhLTExZTYtOGY4OC0zNDM2M2JjN2M0YzAiOnsiY3JlYXRlIjo2MDAwMDAwMDAwMDAsImRlbGV0ZSI6MTIwMDAwMDAwMDAwMH0sInNjaGVtYV92ZXJzaW9uIjoiMSJ9",
          "dependencies": [
            "aws_vpc.public-customer-vpc"
          ]
        }
      ]
    },
    {
      "mode": "managed",
      "type": "aws_subnet",
      "name": "pv-privatesubnetaz1",
      "provider": "provider[\"registry.terraform.io/hashicorp/aws\"]",
      "instances": [
        {
          "schema_version": 1,
          "attributes": {
            "arn": "arn:aws:ec2:us-east-1:211125564317:subnet/subnet-0b9b44c49b4658c87",
            "assign_ipv6_address_on_creation": false,
            "availability_zone": "us-east-1a",
            "availability_zone_id": "use1-az4",
            "cidr_block": "20.2.1.0/24",
            "customer_owned_ipv4_pool": "",
            "enable_dns64": false,
            "enable_lni_at_device_index": 0,
            "enable_resource_name_dns_a_record_on_launch": false,
            "enable_resource_name_dns_aaaa_record_on_launch": false,
            "id": "subnet-0b9b44c49b4658c87",
            "ipv6_cidr_block": "",
            "ipv6_cidr_block_association_id": "",
            "ipv6_native": false,
            "map_customer_owned_ip_on_launch": false,
            "map_public_ip_on_launch": false,
            "outpost_arn": "",
            "owner_id": "211125564317",
            "private_dns_hostname_type_on_launch": "ip-name",
            "tags": {
              "Name": "Workload private subnet az1"
            },
            "tags_all": {
              "Name": "Workload private subnet az1"
            },
            "timeouts": null,
            "vpc_id": "vpc-02f4245242fcf3b67"
          },
          "sensitive_attributes": [],
          "private": "eyJlMmJmYjczMC1lY2FhLTExZTYtOGY4OC0zNDM2M2JjN2M0YzAiOnsiY3JlYXRlIjo2MDAwMDAwMDAwMDAsImRlbGV0ZSI6MTIwMDAwMDAwMDAwMH0sInNjaGVtYV92ZXJzaW9uIjoiMSJ9",
          "dependencies": [
            "aws_vpc.public-customer-vpc"
          ]
        }
      ]
    },
    {
      "mode": "managed",
      "type": "aws_subnet",
      "name": "pv-privatesubnetaz2",
      "provider": "provider[\"registry.terraform.io/hashicorp/aws\"]",
      "instances": [
        {
          "schema_version": 1,
          "attributes": {
            "arn": "arn:aws:ec2:us-east-1:211125564317:subnet/subnet-0cb555e1cbae23bd3",
            "assign_ipv6_address_on_creation": false,
            "availability_zone": "us-east-1b",
            "availability_zone_id": "use1-az6",
            "cidr_block": "20.2.3.0/24",
            "customer_owned_ipv4_pool": "",
            "enable_dns64": false,
            "enable_lni_at_device_index": 0,
            "enable_resource_name_dns_a_record_on_launch": false,
            "enable_resource_name_dns_aaaa_record_on_launch": false,
            "id": "subnet-0cb555e1cbae23bd3",
            "ipv6_cidr_block": "",
            "ipv6_cidr_block_association_id": "",
            "ipv6_native": false,
            "map_customer_owned_ip_on_launch": false,
            "map_public_ip_on_launch": false,
            "outpost_arn": "",
            "owner_id": "211125564317",
            "private_dns_hostname_type_on_launch": "ip-name",
            "tags": {
              "Name": "Workload private subnet az2"
            },
            "tags_all": {
              "Name": "Workload private subnet az2"
            },
            "timeouts": null,
            "vpc_id": "vpc-02f4245242fcf3b67"
          },
          "sensitive_attributes": [],
          "private": "eyJlMmJmYjczMC1lY2FhLTExZTYtOGY4OC0zNDM2M2JjN2M0YzAiOnsiY3JlYXRlIjo2MDAwMDAwMDAwMDAsImRlbGV0ZSI6MTIwMDAwMDAwMDAwMH0sInNjaGVtYV92ZXJzaW9uIjoiMSJ9",
          "dependencies": [
            "aws_vpc.public-customer-vpc"
          ]
        }
      ]
    },
    {
      "mode": "managed",
      "type": "aws_subnet",
      "name": "pv-publicsubnetaz1",
      "provider": "provider[\"registry.terraform.io/hashicorp/aws\"]",
      "instances": [
        {
          "schema_version": 1,
          "attributes": {
            "arn": "arn:aws:ec2:us-east-1:211125564317:subnet/subnet-0783610b6fb0e1d16",
            "assign_ipv6_address_on_creation": false,
            "availability_zone": "us-east-1a",
            "availability_zone_id": "use1-az4",
            "cidr_block": "20.2.0.0/24",
            "customer_owned_ipv4_pool": "",
            "enable_dns64": false,
            "enable_lni_at_device_index": 0,
            "enable_resource_name_dns_a_record_on_launch": false,
            "enable_resource_name_dns_aaaa_record_on_launch": false,
            "id": "subnet-0783610b6fb0e1d16",
            "ipv6_cidr_block": "",
            "ipv6_cidr_block_association_id": "",
            "ipv6_native": false,
            "map_customer_owned_ip_on_launch": false,
            "map_public_ip_on_launch": false,
            "outpost_arn": "",
            "owner_id": "211125564317",
            "private_dns_hostname_type_on_launch": "ip-name",
            "tags": {
              "Name": "Workload public subnet az1"
            },
            "tags_all": {
              "Name": "Workload public subnet az1"
            },
            "timeouts": null,
            "vpc_id": "vpc-02f4245242fcf3b67"
          },
          "sensitive_attributes": [],
          "private": "eyJlMmJmYjczMC1lY2FhLTExZTYtOGY4OC0zNDM2M2JjN2M0YzAiOnsiY3JlYXRlIjo2MDAwMDAwMDAwMDAsImRlbGV0ZSI6MTIwMDAwMDAwMDAwMH0sInNjaGVtYV92ZXJzaW9uIjoiMSJ9",
          "dependencies": [
            "aws_vpc.public-customer-vpc"
          ]
        }
      ]
    },
    {
      "mode": "managed",
      "type": "aws_subnet",
      "name": "pv-publicsubnetaz2",
      "provider": "provider[\"registry.terraform.io/hashicorp/aws\"]",
      "instances": [
        {
          "schema_version": 1,
          "attributes": {
            "arn": "arn:aws:ec2:us-east-1:211125564317:subnet/subnet-0b3ffeead29fbefbc",
            "assign_ipv6_address_on_creation": false,
            "availability_zone": "us-east-1b",
            "availability_zone_id": "use1-az6",
            "cidr_block": "20.2.2.0/24",
            "customer_owned_ipv4_pool": "",
            "enable_dns64": false,
            "enable_lni_at_device_index": 0,
            "enable_resource_name_dns_a_record_on_launch": false,
            "enable_resource_name_dns_aaaa_record_on_launch": false,
            "id": "subnet-0b3ffeead29fbefbc",
            "ipv6_cidr_block": "",
            "ipv6_cidr_block_association_id": "",
            "ipv6_native": false,
            "map_customer_owned_ip_on_launch": false,
            "map_public_ip_on_launch": false,
            "outpost_arn": "",
            "owner_id": "211125564317",
            "private_dns_hostname_type_on_launch": "ip-name",
            "tags": {
              "Name": "Workload public subnet az2"
            },
            "tags_all": {
              "Name": "Workload public subnet az2"
            },
            "timeouts": null,
            "vpc_id": "vpc-02f4245242fcf3b67"
          },
          "sensitive_attributes": [],
          "private": "eyJlMmJmYjczMC1lY2FhLTExZTYtOGY4OC0zNDM2M2JjN2M0YzAiOnsiY3JlYXRlIjo2MDAwMDAwMDAwMDAsImRlbGV0ZSI6MTIwMDAwMDAwMDAwMH0sInNjaGVtYV92ZXJzaW9uIjoiMSJ9",
          "dependencies": [
            "aws_vpc.public-customer-vpc"
          ]
        }
      ]
    },
    {
      "mode": "managed",
      "type": "aws_subnet",
      "name": "tgw_subnet",
      "provider": "provider[\"registry.terraform.io/hashicorp/aws\"]",
      "instances": [
        {
          "index_key": 0,
          "schema_version": 1,
          "attributes": {
            "arn": "arn:aws:ec2:us-east-1:211125564317:subnet/subnet-079277b8cf80180d7",
            "assign_ipv6_address_on_creation": false,
            "availability_zone": "us-east-1a",
            "availability_zone_id": "use1-az4",
            "cidr_block": "10.1.2.64/28",
            "customer_owned_ipv4_pool": "",
            "enable_dns64": false,
            "enable_lni_at_device_index": 0,
            "enable_resource_name_dns_a_record_on_launch": false,
            "enable_resource_name_dns_aaaa_record_on_launch": false,
            "id": "subnet-079277b8cf80180d7",
            "ipv6_cidr_block": "",
            "ipv6_cidr_block_association_id": "",
            "ipv6_native": false,
            "map_customer_owned_ip_on_launch": false,
            "map_public_ip_on_launch": false,
            "outpost_arn": "",
            "owner_id": "211125564317",
            "private_dns_hostname_type_on_launch": "ip-name",
            "tags": {
              "Name": "Inspection-VPC-tgw-us-east-1a-private-sn",
              "Tier": "private"
            },
            "tags_all": {
              "Name": "Inspection-VPC-tgw-us-east-1a-private-sn",
              "Tier": "private"
            },
            "timeouts": null,
            "vpc_id": "vpc-032b5217408dc6473"
          },
          "sensitive_attributes": [],
          "private": "eyJlMmJmYjczMC1lY2FhLTExZTYtOGY4OC0zNDM2M2JjN2M0YzAiOnsiY3JlYXRlIjo2MDAwMDAwMDAwMDAsImRlbGV0ZSI6MTIwMDAwMDAwMDAwMH0sInNjaGVtYV92ZXJzaW9uIjoiMSJ9",
          "dependencies": [
            "aws_vpc.ins_vpc"
          ],
          "create_before_destroy": true
        },
        {
          "index_key": 1,
          "schema_version": 1,
          "attributes": {
            "arn": "arn:aws:ec2:us-east-1:211125564317:subnet/subnet-03bd76df2cd1845bc",
            "assign_ipv6_address_on_creation": false,
            "availability_zone": "us-east-1b",
            "availability_zone_id": "use1-az6",
            "cidr_block": "10.1.3.64/28",
            "customer_owned_ipv4_pool": "",
            "enable_dns64": false,
            "enable_lni_at_device_index": 0,
            "enable_resource_name_dns_a_record_on_launch": false,
            "enable_resource_name_dns_aaaa_record_on_launch": false,
            "id": "subnet-03bd76df2cd1845bc",
            "ipv6_cidr_block": "",
            "ipv6_cidr_block_association_id": "",
            "ipv6_native": false,
            "map_customer_owned_ip_on_launch": false,
            "map_public_ip_on_launch": false,
            "outpost_arn": "",
            "owner_id": "211125564317",
            "private_dns_hostname_type_on_launch": "ip-name",
            "tags": {
              "Name": "Inspection-VPC-tgw-us-east-1b-private-sn",
              "Tier": "private"
            },
            "tags_all": {
              "Name": "Inspection-VPC-tgw-us-east-1b-private-sn",
              "Tier": "private"
            },
            "timeouts": null,
            "vpc_id": "vpc-032b5217408dc6473"
          },
          "sensitive_attributes": [],
          "private": "eyJlMmJmYjczMC1lY2FhLTExZTYtOGY4OC0zNDM2M2JjN2M0YzAiOnsiY3JlYXRlIjo2MDAwMDAwMDAwMDAsImRlbGV0ZSI6MTIwMDAwMDAwMDAwMH0sInNjaGVtYV92ZXJzaW9uIjoiMSJ9",
          "dependencies": [
            "aws_vpc.ins_vpc"
          ],
          "create_before_destroy": true
        }
      ]
    },
    {
      "mode": "managed",
      "type": "aws_vpc",
      "name": "customer-vpc",
      "provider": "provider[\"registry.terraform.io/hashicorp/aws\"]",
      "instances": [
        {
          "schema_version": 1,
          "attributes": {
            "arn": "arn:aws:ec2:us-east-1:211125564317:vpc/vpc-050a981762cbabc6f",
            "assign_generated_ipv6_cidr_block": false,
            "cidr_block": "20.1.0.0/16",
            "default_network_acl_id": "acl-0473433c8d70e61d5",
            "default_route_table_id": "rtb-0a2cea9a39b0581da",
            "default_security_group_id": "sg-072098ae912f38bd8",
            "dhcp_options_id": "dopt-0b62678d6e0eb8717",
            "enable_dns_hostnames": true,
            "enable_dns_support": true,
            "enable_network_address_usage_metrics": false,
            "id": "vpc-050a981762cbabc6f",
            "instance_tenancy": "default",
            "ipv4_ipam_pool_id": null,
            "ipv4_netmask_length": null,
            "ipv6_association_id": "",
            "ipv6_cidr_block": "",
            "ipv6_cidr_block_network_border_group": "",
            "ipv6_ipam_pool_id": "",
            "ipv6_netmask_length": 0,
            "main_route_table_id": "rtb-0a2cea9a39b0581da",
            "owner_id": "211125564317",
            "tags": {
              "Name": "Shared-Service-VPC"
            },
            "tags_all": {
              "Name": "Shared-Service-VPC"
            }
          },
          "sensitive_attributes": [],
          "private": "eyJzY2hlbWFfdmVyc2lvbiI6IjEifQ=="
        }
      ]
    },
    {
      "mode": "managed",
      "type": "aws_vpc",
      "name": "ins_vpc",
      "provider": "provider[\"registry.terraform.io/hashicorp/aws\"]",
      "instances": [
        {
          "schema_version": 1,
          "attributes": {
            "arn": "arn:aws:ec2:us-east-1:211125564317:vpc/vpc-032b5217408dc6473",
            "assign_generated_ipv6_cidr_block": false,
            "cidr_block": "10.1.0.0/22",
            "default_network_acl_id": "acl-0c0e9c9efa1c8aac2",
            "default_route_table_id": "rtb-056cf05470a472088",
            "default_security_group_id": "sg-0b41eca32b9acfda3",
            "dhcp_options_id": "dopt-0b62678d6e0eb8717",
            "enable_dns_hostnames": true,
            "enable_dns_support": true,
            "enable_network_address_usage_metrics": false,
            "id": "vpc-032b5217408dc6473",
            "instance_tenancy": "default",
            "ipv4_ipam_pool_id": null,
            "ipv4_netmask_length": null,
            "ipv6_association_id": "",
            "ipv6_cidr_block": "",
            "ipv6_cidr_block_network_border_group": "",
            "ipv6_ipam_pool_id": "",
            "ipv6_netmask_length": 0,
            "main_route_table_id": "rtb-056cf05470a472088",
            "owner_id": "211125564317",
            "tags": {
              "Name": "Inspection-VPC"
            },
            "tags_all": {
              "Name": "Inspection-VPC"
            }
          },
          "sensitive_attributes": [],
          "private": "eyJzY2hlbWFfdmVyc2lvbiI6IjEifQ==",
          "create_before_destroy": true
        }
      ]
    },
    {
      "mode": "managed",
      "type": "aws_vpc",
      "name": "public-customer-vpc",
      "provider": "provider[\"registry.terraform.io/hashicorp/aws\"]",
      "instances": [
        {
          "schema_version": 1,
          "attributes": {
            "arn": "arn:aws:ec2:us-east-1:211125564317:vpc/vpc-02f4245242fcf3b67",
            "assign_generated_ipv6_cidr_block": false,
            "cidr_block": "20.2.0.0/16",
            "default_network_acl_id": "acl-0ae73d1f7b20b1028",
            "default_route_table_id": "rtb-052db6820c8ae6633",
            "default_security_group_id": "sg-050d0b080a9de246f",
            "dhcp_options_id": "dopt-0b62678d6e0eb8717",
            "enable_dns_hostnames": true,
            "enable_dns_support": true,
            "enable_network_address_usage_metrics": false,
            "id": "vpc-02f4245242fcf3b67",
            "instance_tenancy": "default",
            "ipv4_ipam_pool_id": null,
            "ipv4_netmask_length": null,
            "ipv6_association_id": "",
            "ipv6_cidr_block": "",
            "ipv6_cidr_block_network_border_group": "",
            "ipv6_ipam_pool_id": "",
            "ipv6_netmask_length": 0,
            "main_route_table_id": "rtb-052db6820c8ae6633",
            "owner_id": "211125564317",
            "tags": {
              "Name": "Workload-VPC"
            },
            "tags_all": {
              "Name": "Workload-VPC"
            }
          },
          "sensitive_attributes": [],
          "private": "eyJzY2hlbWFfdmVyc2lvbiI6IjEifQ=="
        }
      ]
    },
    {
      "mode": "managed",
      "type": "aws_vpc_endpoint",
      "name": "gwlbe",
      "provider": "provider[\"registry.terraform.io/hashicorp/aws\"]",
      "instances": [
        {
          "index_key": 0,
          "schema_version": 0,
          "attributes": {
            "arn": "arn:aws:ec2:us-east-1:211125564317:vpc-endpoint/vpce-09161d45bfd12871b",
            "auto_accept": null,
            "cidr_blocks": [],
            "dns_entry": [],
            "dns_options": [],
            "id": "vpce-09161d45bfd12871b",
            "ip_address_type": "ipv4",
            "network_interface_ids": [
              "eni-0f45d3b7069a3a6a6"
            ],
            "owner_id": "211125564317",
            "policy": "",
            "prefix_list_id": null,
            "private_dns_enabled": false,
            "requester_managed": false,
            "route_table_ids": [],
            "security_group_ids": [],
            "service_name": "com.amazonaws.vpce.us-east-1.vpce-svc-0845b2f0bd0812603",
            "state": "available",
            "subnet_ids": [
              "subnet-020317642f570f937"
            ],
            "tags": {
              "Name": "gwlbe-Inspection-VPC-us-east-1a"
            },
            "tags_all": {
              "Name": "gwlbe-Inspection-VPC-us-east-1a"
            },
            "timeouts": null,
            "vpc_endpoint_type": "GatewayLoadBalancer",
            "vpc_id": "vpc-032b5217408dc6473"
          },
          "sensitive_attributes": [],
          "private": "eyJlMmJmYjczMC1lY2FhLTExZTYtOGY4OC0zNDM2M2JjN2M0YzAiOnsiY3JlYXRlIjo2MDAwMDAwMDAwMDAsImRlbGV0ZSI6NjAwMDAwMDAwMDAwLCJ1cGRhdGUiOjYwMDAwMDAwMDAwMH19",
          "dependencies": [
            "aws_lb.gwlb",
            "aws_subnet.fw_data_subnet",
            "aws_subnet.gwlbe_subnet",
            "aws_vpc.ins_vpc",
            "aws_vpc_endpoint_service.gwlb_es"
          ]
        },
        {
          "index_key": 1,
          "schema_version": 0,
          "attributes": {
            "arn": "arn:aws:ec2:us-east-1:211125564317:vpc-endpoint/vpce-06c4b25ea0354b7ea",
            "auto_accept": null,
            "cidr_blocks": [],
            "dns_entry": [],
            "dns_options": [],
            "id": "vpce-06c4b25ea0354b7ea",
            "ip_address_type": "ipv4",
            "network_interface_ids": [
              "eni-04c5745a0e88a7178"
            ],
            "owner_id": "211125564317",
            "policy": "",
            "prefix_list_id": null,
            "private_dns_enabled": false,
            "requester_managed": false,
            "route_table_ids": [],
            "security_group_ids": [],
            "service_name": "com.amazonaws.vpce.us-east-1.vpce-svc-0845b2f0bd0812603",
            "state": "available",
            "subnet_ids": [
              "subnet-092700f3b0afdbded"
            ],
            "tags": {
              "Name": "gwlbe-Inspection-VPC-us-east-1b"
            },
            "tags_all": {
              "Name": "gwlbe-Inspection-VPC-us-east-1b"
            },
            "timeouts": null,
            "vpc_endpoint_type": "GatewayLoadBalancer",
            "vpc_id": "vpc-032b5217408dc6473"
          },
          "sensitive_attributes": [],
          "private": "eyJlMmJmYjczMC1lY2FhLTExZTYtOGY4OC0zNDM2M2JjN2M0YzAiOnsiY3JlYXRlIjo2MDAwMDAwMDAwMDAsImRlbGV0ZSI6NjAwMDAwMDAwMDAwLCJ1cGRhdGUiOjYwMDAwMDAwMDAwMH19",
          "dependencies": [
            "aws_lb.gwlb",
            "aws_subnet.fw_data_subnet",
            "aws_subnet.gwlbe_subnet",
            "aws_vpc.ins_vpc",
            "aws_vpc_endpoint_service.gwlb_es"
          ]
        }
      ]
    },
    {
      "mode": "managed",
      "type": "aws_vpc_endpoint",
      "name": "gwlbendpoint",
      "provider": "provider[\"registry.terraform.io/hashicorp/aws\"]",
      "instances": [
        {
          "schema_version": 0,
          "attributes": {
            "arn": "arn:aws:ec2:us-east-1:211125564317:vpc-endpoint/vpce-0b74cd12c1274d640",
            "auto_accept": null,
            "cidr_blocks": [],
            "dns_entry": [],
            "dns_options": [],
            "id": "vpce-0b74cd12c1274d640",
            "ip_address_type": "ipv4",
            "network_interface_ids": [
              "eni-0385b534b5f347338"
            ],
            "owner_id": "211125564317",
            "policy": "",
            "prefix_list_id": null,
            "private_dns_enabled": false,
            "requester_managed": false,
            "route_table_ids": [],
            "security_group_ids": [],
            "service_name": "com.amazonaws.vpce.us-east-1.vpce-svc-0845b2f0bd0812603",
            "state": "available",
            "subnet_ids": [
              "subnet-000bf55db20bbf017"
            ],
            "tags": null,
            "tags_all": {},
            "timeouts": null,
            "vpc_endpoint_type": "GatewayLoadBalancer",
            "vpc_id": "vpc-02f4245242fcf3b67"
          },
          "sensitive_attributes": [],
          "private": "eyJlMmJmYjczMC1lY2FhLTExZTYtOGY4OC0zNDM2M2JjN2M0YzAiOnsiY3JlYXRlIjo2MDAwMDAwMDAwMDAsImRlbGV0ZSI6NjAwMDAwMDAwMDAwLCJ1cGRhdGUiOjYwMDAwMDAwMDAwMH19",
          "dependencies": [
            "aws_lb.gwlb",
            "aws_subnet.fw_data_subnet",
            "aws_subnet.pv-gwlbe-az1",
            "aws_vpc.ins_vpc",
            "aws_vpc.public-customer-vpc",
            "aws_vpc_endpoint_service.gwlb_es"
          ]
        }
      ]
    },
    {
      "mode": "managed",
      "type": "aws_vpc_endpoint",
      "name": "gwlbendpointaz2",
      "provider": "provider[\"registry.terraform.io/hashicorp/aws\"]",
      "instances": [
        {
          "schema_version": 0,
          "attributes": {
            "arn": "arn:aws:ec2:us-east-1:211125564317:vpc-endpoint/vpce-0539e9fda3231e282",
            "auto_accept": null,
            "cidr_blocks": [],
            "dns_entry": [],
            "dns_options": [],
            "id": "vpce-0539e9fda3231e282",
            "ip_address_type": "ipv4",
            "network_interface_ids": [
              "eni-0da32b3122ee8ffd0"
            ],
            "owner_id": "211125564317",
            "policy": "",
            "prefix_list_id": null,
            "private_dns_enabled": false,
            "requester_managed": false,
            "route_table_ids": [],
            "security_group_ids": [],
            "service_name": "com.amazonaws.vpce.us-east-1.vpce-svc-0845b2f0bd0812603",
            "state": "available",
            "subnet_ids": [
              "subnet-095ba1c66e935d2bf"
            ],
            "tags": null,
            "tags_all": {},
            "timeouts": null,
            "vpc_endpoint_type": "GatewayLoadBalancer",
            "vpc_id": "vpc-02f4245242fcf3b67"
          },
          "sensitive_attributes": [],
          "private": "eyJlMmJmYjczMC1lY2FhLTExZTYtOGY4OC0zNDM2M2JjN2M0YzAiOnsiY3JlYXRlIjo2MDAwMDAwMDAwMDAsImRlbGV0ZSI6NjAwMDAwMDAwMDAwLCJ1cGRhdGUiOjYwMDAwMDAwMDAwMH19",
          "dependencies": [
            "aws_lb.gwlb",
            "aws_subnet.fw_data_subnet",
            "aws_subnet.pv-gwlbe-az2",
            "aws_vpc.ins_vpc",
            "aws_vpc.public-customer-vpc",
            "aws_vpc_endpoint_service.gwlb_es"
          ]
        }
      ]
    },
    {
      "mode": "managed",
      "type": "aws_vpc_endpoint_service",
      "name": "gwlb_es",
      "provider": "provider[\"registry.terraform.io/hashicorp/aws\"]",
      "instances": [
        {
          "schema_version": 0,
          "attributes": {
            "acceptance_required": false,
            "allowed_principals": [],
            "arn": "arn:aws:ec2:us-east-1:211125564317:vpc-endpoint-service/vpce-svc-0845b2f0bd0812603",
            "availability_zones": [
              "us-east-1a",
              "us-east-1b"
            ],
            "base_endpoint_dns_names": [],
            "gateway_load_balancer_arns": [
              "arn:aws:elasticloadbalancing:us-east-1:211125564317:loadbalancer/gwy/gwlb-Inspection-VPC/6c7b3eb3b52db7a0"
            ],
            "id": "vpce-svc-0845b2f0bd0812603",
            "manages_vpc_endpoints": false,
            "network_load_balancer_arns": null,
            "private_dns_name": "",
            "private_dns_name_configuration": [],
            "service_name": "com.amazonaws.vpce.us-east-1.vpce-svc-0845b2f0bd0812603",
            "service_type": "GatewayLoadBalancer",
            "state": "Available",
            "supported_ip_address_types": [
              "ipv4"
            ],
            "tags": {
              "Name": "gwlb-es-Inspection-VPC"
            },
            "tags_all": {
              "Name": "gwlb-es-Inspection-VPC"
            },
            "timeouts": null
          },
          "sensitive_attributes": [],
          "private": "eyJlMmJmYjczMC1lY2FhLTExZTYtOGY4OC0zNDM2M2JjN2M0YzAiOnsiY3JlYXRlIjo2MDAwMDAwMDAwMDAsImRlbGV0ZSI6NjAwMDAwMDAwMDAwLCJ1cGRhdGUiOjYwMDAwMDAwMDAwMH19",
          "dependencies": [
            "aws_lb.gwlb",
            "aws_subnet.fw_data_subnet",
            "aws_vpc.ins_vpc"
          ]
        }
      ]
    }
  ],
  "check_results": null
}
